
Microsoft Visual Studio Solution File, Format Version 10.00
# Visual Studio 2008
Project("{2150E333-8FDC-42A3-9474-1A3956D46DE8}") = "Doubango Framework", "Doubango Framework", "{C162B35B-80BA-4810-A6A5-F5A69840EA53}"
EndProject
Project("{FAE04EC0-301F-11D3-BF4B-00C04F79EFBC}") = "doubango", "doubango\doubango.csproj", "{93201A98-88E0-4430-BCEB-643E58C28C66}"
	ProjectSection(ProjectDependencies) = postProject
		{B3E45009-C7C3-4090-837C-2D30C9058443} = {B3E45009-C7C3-4090-837C-2D30C9058443}
		{52814B0D-7DCA-45B8-9A16-8B147040D619} = {52814B0D-7DCA-45B8-9A16-8B147040D619}
		{6B60DF14-D5D7-4654-B8F9-1CBC8892CFC8} = {6B60DF14-D5D7-4654-B8F9-1CBC8892CFC8}
		{AA46AF16-9678-4054-8E48-98DC21ECEC82} = {AA46AF16-9678-4054-8E48-98DC21ECEC82}
		{E45DB518-6562-4033-80E8-60030F0B169F} = {E45DB518-6562-4033-80E8-60030F0B169F}
		{8E2F0B2E-2596-4010-BF4A-2F688975B5C1} = {8E2F0B2E-2596-4010-BF4A-2F688975B5C1}
		{99B7D02F-8C70-4B45-AF3C-92313C3CEE15} = {99B7D02F-8C70-4B45-AF3C-92313C3CEE15}
		{4CE20732-9978-4A88-B586-CFEFCB63E82D} = {4CE20732-9978-4A88-B586-CFEFCB63E82D}
		{6A69773C-0C70-4BD4-8362-C274CAFD58F2} = {6A69773C-0C70-4BD4-8362-C274CAFD58F2}
		{570CF33D-E65F-448F-8AC2-F9AE2F23152F} = {570CF33D-E65F-448F-8AC2-F9AE2F23152F}
		{7522A458-92F4-4259-B906-E84C2A65D9F1} = {7522A458-92F4-4259-B906-E84C2A65D9F1}
		{002FF064-588F-402E-A096-C8D033F49F40} = {002FF064-588F-402E-A096-C8D033F49F40}
		{78605D89-4D51-41AC-AFE2-061B4CAB81F1} = {78605D89-4D51-41AC-AFE2-061B4CAB81F1}
		{6BC9B796-10C6-4CF7-A6E4-E2DACCDA84DA} = {6BC9B796-10C6-4CF7-A6E4-E2DACCDA84DA}
		{AAD0B2B5-8D8C-4DE0-BB20-1AB6CFAA617D} = {AAD0B2B5-8D8C-4DE0-BB20-1AB6CFAA617D}
		{76261DC8-25B3-43F4-9FB5-112C4AC0880E} = {76261DC8-25B3-43F4-9FB5-112C4AC0880E}
		{9A3A5AF3-2333-4477-B880-7F901F9D8972} = {9A3A5AF3-2333-4477-B880-7F901F9D8972}
	EndProjectSection
EndProject
Project("{FAE04EC0-301F-11D3-BF4B-00C04F79EFBC}") = "boghe-core", "boghe-core\boghe-core.csproj", "{B4E6B7AC-B18B-49CE-A79D-9B39E0A06499}"
EndProject
Project("{FAE04EC0-301F-11D3-BF4B-00C04F79EFBC}") = "boghe-app", "boghe-app\boghe-app.csproj", "{AA9DE4E7-5C53-4DDE-BD95-B478CE2E369E}"
	ProjectSection(ProjectDependencies) = postProject
		{B3E45009-C7C3-4090-837C-2D30C9058443} = {B3E45009-C7C3-4090-837C-2D30C9058443}
		{52814B0D-7DCA-45B8-9A16-8B147040D619} = {52814B0D-7DCA-45B8-9A16-8B147040D619}
		{6B60DF14-D5D7-4654-B8F9-1CBC8892CFC8} = {6B60DF14-D5D7-4654-B8F9-1CBC8892CFC8}
		{AA46AF16-9678-4054-8E48-98DC21ECEC82} = {AA46AF16-9678-4054-8E48-98DC21ECEC82}
		{E45DB518-6562-4033-80E8-60030F0B169F} = {E45DB518-6562-4033-80E8-60030F0B169F}
		{8E2F0B2E-2596-4010-BF4A-2F688975B5C1} = {8E2F0B2E-2596-4010-BF4A-2F688975B5C1}
		{99B7D02F-8C70-4B45-AF3C-92313C3CEE15} = {99B7D02F-8C70-4B45-AF3C-92313C3CEE15}
		{4CE20732-9978-4A88-B586-CFEFCB63E82D} = {4CE20732-9978-4A88-B586-CFEFCB63E82D}
		{6A69773C-0C70-4BD4-8362-C274CAFD58F2} = {6A69773C-0C70-4BD4-8362-C274CAFD58F2}
		{570CF33D-E65F-448F-8AC2-F9AE2F23152F} = {570CF33D-E65F-448F-8AC2-F9AE2F23152F}
		{E8596446-CB3A-4AD5-83C3-6562EE426494} = {E8596446-CB3A-4AD5-83C3-6562EE426494}
		{7522A458-92F4-4259-B906-E84C2A65D9F1} = {7522A458-92F4-4259-B906-E84C2A65D9F1}
		{8D72C459-8B9D-4280-8331-8BAB02D735E5} = {8D72C459-8B9D-4280-8331-8BAB02D735E5}
		{97008E5F-C6FC-4748-BE0D-50400E6764CB} = {97008E5F-C6FC-4748-BE0D-50400E6764CB}
		{002FF064-588F-402E-A096-C8D033F49F40} = {002FF064-588F-402E-A096-C8D033F49F40}
		{78605D89-4D51-41AC-AFE2-061B4CAB81F1} = {78605D89-4D51-41AC-AFE2-061B4CAB81F1}
		{6BC9B796-10C6-4CF7-A6E4-E2DACCDA84DA} = {6BC9B796-10C6-4CF7-A6E4-E2DACCDA84DA}
		{AAD0B2B5-8D8C-4DE0-BB20-1AB6CFAA617D} = {AAD0B2B5-8D8C-4DE0-BB20-1AB6CFAA617D}
		{76261DC8-25B3-43F4-9FB5-112C4AC0880E} = {76261DC8-25B3-43F4-9FB5-112C4AC0880E}
		{9A3A5AF3-2333-4477-B880-7F901F9D8972} = {9A3A5AF3-2333-4477-B880-7F901F9D8972}
	EndProjectSection
EndProject
Project("{2150E333-8FDC-42A3-9474-1A3956D46DE8}") = "Boghe", "Boghe", "{792F650D-BF0D-4023-AFBE-0743CC61D22F}"
EndProject
Project("{FAE04EC0-301F-11D3-BF4B-00C04F79EFBC}") = "boghe-controls", "boghe-controls\boghe-controls.csproj", "{598C350C-BBB4-41C4-84BC-725B17D6E294}"
EndProject
Project("{FAE04EC0-301F-11D3-BF4B-00C04F79EFBC}") = "boghe-xdm", "boghe-xdm\boghe-xdm.csproj", "{C916D357-A1FF-46C8-B3BA-28173F5ACEE9}"
EndProject
Project("{2150E333-8FDC-42A3-9474-1A3956D46DE8}") = "Installers", "Installers", "{F3565B47-9EAF-41CC-A01C-58E1D4A855FB}"
EndProject
Project("{54435603-DBB4-11D2-8724-00A0C9A8B90C}") = "Boghe IMS Client x86", "Boghe IMS Client x86\Boghe IMS Client x86.vdproj", "{B6B00305-D0D5-40F7-A1EF-370C034C6C07}"
EndProject
Project("{8BC9CEB8-8B4A-11D0-8D11-00A0C91BC942}") = "tinyDAV", "..\..\..\..\doubango\branches\2.0\doubango\tinyDAV\tinyDAV.vcproj", "{8E2F0B2E-2596-4010-BF4A-2F688975B5C1}"
	ProjectSection(ProjectDependencies) = postProject
		{52814B0D-7DCA-45B8-9A16-8B147040D619} = {52814B0D-7DCA-45B8-9A16-8B147040D619}
		{AA46AF16-9678-4054-8E48-98DC21ECEC82} = {AA46AF16-9678-4054-8E48-98DC21ECEC82}
		{E45DB518-6562-4033-80E8-60030F0B169F} = {E45DB518-6562-4033-80E8-60030F0B169F}
		{99B7D02F-8C70-4B45-AF3C-92313C3CEE15} = {99B7D02F-8C70-4B45-AF3C-92313C3CEE15}
		{7522A458-92F4-4259-B906-E84C2A65D9F1} = {7522A458-92F4-4259-B906-E84C2A65D9F1}
		{002FF064-588F-402E-A096-C8D033F49F40} = {002FF064-588F-402E-A096-C8D033F49F40}
		{78605D89-4D51-41AC-AFE2-061B4CAB81F1} = {78605D89-4D51-41AC-AFE2-061B4CAB81F1}
		{6BC9B796-10C6-4CF7-A6E4-E2DACCDA84DA} = {6BC9B796-10C6-4CF7-A6E4-E2DACCDA84DA}
		{AAD0B2B5-8D8C-4DE0-BB20-1AB6CFAA617D} = {AAD0B2B5-8D8C-4DE0-BB20-1AB6CFAA617D}
	EndProjectSection
EndProject
Project("{8BC9CEB8-8B4A-11D0-8D11-00A0C91BC942}") = "tinyHTTP", "..\..\..\..\doubango\branches\2.0\doubango\tinyHTTP\tinyHTTP.vcproj", "{B3E45009-C7C3-4090-837C-2D30C9058443}"
	ProjectSection(ProjectDependencies) = postProject
		{7522A458-92F4-4259-B906-E84C2A65D9F1} = {7522A458-92F4-4259-B906-E84C2A65D9F1}
		{6BC9B796-10C6-4CF7-A6E4-E2DACCDA84DA} = {6BC9B796-10C6-4CF7-A6E4-E2DACCDA84DA}
	EndProjectSection
EndProject
Project("{8BC9CEB8-8B4A-11D0-8D11-00A0C91BC942}") = "tinyIPSec", "..\..\..\..\doubango\branches\2.0\doubango\tinyIPSec\tinyIPSec.vcproj", "{002FF064-588F-402E-A096-C8D033F49F40}"
	ProjectSection(ProjectDependencies) = postProject
		{6BC9B796-10C6-4CF7-A6E4-E2DACCDA84DA} = {6BC9B796-10C6-4CF7-A6E4-E2DACCDA84DA}
	EndProjectSection
EndProject
Project("{8BC9CEB8-8B4A-11D0-8D11-00A0C91BC942}") = "tinyMEDIA", "..\..\..\..\doubango\branches\2.0\doubango\tinyMEDIA\tinyMEDIA.vcproj", "{52814B0D-7DCA-45B8-9A16-8B147040D619}"
	ProjectSection(ProjectDependencies) = postProject
		{E45DB518-6562-4033-80E8-60030F0B169F} = {E45DB518-6562-4033-80E8-60030F0B169F}
		{7522A458-92F4-4259-B906-E84C2A65D9F1} = {7522A458-92F4-4259-B906-E84C2A65D9F1}
		{6BC9B796-10C6-4CF7-A6E4-E2DACCDA84DA} = {6BC9B796-10C6-4CF7-A6E4-E2DACCDA84DA}
	EndProjectSection
EndProject
Project("{8BC9CEB8-8B4A-11D0-8D11-00A0C91BC942}") = "tinyMSRP", "..\..\..\..\doubango\branches\2.0\doubango\tinyMSRP\tinyMSRP.vcproj", "{AA46AF16-9678-4054-8E48-98DC21ECEC82}"
	ProjectSection(ProjectDependencies) = postProject
		{B3E45009-C7C3-4090-837C-2D30C9058443} = {B3E45009-C7C3-4090-837C-2D30C9058443}
		{7522A458-92F4-4259-B906-E84C2A65D9F1} = {7522A458-92F4-4259-B906-E84C2A65D9F1}
		{6BC9B796-10C6-4CF7-A6E4-E2DACCDA84DA} = {6BC9B796-10C6-4CF7-A6E4-E2DACCDA84DA}
	EndProjectSection
EndProject
Project("{8BC9CEB8-8B4A-11D0-8D11-00A0C91BC942}") = "tinyNET", "..\..\..\..\doubango\branches\2.0\doubango\tinyNET\tinyNET.vcproj", "{7522A458-92F4-4259-B906-E84C2A65D9F1}"
	ProjectSection(ProjectDependencies) = postProject
		{6BC9B796-10C6-4CF7-A6E4-E2DACCDA84DA} = {6BC9B796-10C6-4CF7-A6E4-E2DACCDA84DA}
	EndProjectSection
EndProject
Project("{8BC9CEB8-8B4A-11D0-8D11-00A0C91BC942}") = "tinyRTP", "..\..\..\..\doubango\branches\2.0\doubango\tinyRTP\tinyRTP.vcproj", "{99B7D02F-8C70-4B45-AF3C-92313C3CEE15}"
	ProjectSection(ProjectDependencies) = postProject
		{52814B0D-7DCA-45B8-9A16-8B147040D619} = {52814B0D-7DCA-45B8-9A16-8B147040D619}
		{7522A458-92F4-4259-B906-E84C2A65D9F1} = {7522A458-92F4-4259-B906-E84C2A65D9F1}
		{6BC9B796-10C6-4CF7-A6E4-E2DACCDA84DA} = {6BC9B796-10C6-4CF7-A6E4-E2DACCDA84DA}
	EndProjectSection
EndProject
Project("{8BC9CEB8-8B4A-11D0-8D11-00A0C91BC942}") = "tinySAK", "..\..\..\..\doubango\branches\2.0\doubango\tinySAK\tinySAK.vcproj", "{6BC9B796-10C6-4CF7-A6E4-E2DACCDA84DA}"
EndProject
Project("{8BC9CEB8-8B4A-11D0-8D11-00A0C91BC942}") = "tinySDP", "..\..\..\..\doubango\branches\2.0\doubango\tinySDP\tinySDP.vcproj", "{E45DB518-6562-4033-80E8-60030F0B169F}"
	ProjectSection(ProjectDependencies) = postProject
		{6BC9B796-10C6-4CF7-A6E4-E2DACCDA84DA} = {6BC9B796-10C6-4CF7-A6E4-E2DACCDA84DA}
	EndProjectSection
EndProject
Project("{8BC9CEB8-8B4A-11D0-8D11-00A0C91BC942}") = "tinySIGCOMP", "..\..\..\..\doubango\branches\2.0\doubango\tinySIGCOMP\tinySIGCOMP.vcproj", "{76261DC8-25B3-43F4-9FB5-112C4AC0880E}"
	ProjectSection(ProjectDependencies) = postProject
		{6BC9B796-10C6-4CF7-A6E4-E2DACCDA84DA} = {6BC9B796-10C6-4CF7-A6E4-E2DACCDA84DA}
	EndProjectSection
EndProject
Project("{8BC9CEB8-8B4A-11D0-8D11-00A0C91BC942}") = "tinySIP", "..\..\..\..\doubango\branches\2.0\doubango\tinySIP\tinySIP.vcproj", "{4CE20732-9978-4A88-B586-CFEFCB63E82D}"
	ProjectSection(ProjectDependencies) = postProject
		{B3E45009-C7C3-4090-837C-2D30C9058443} = {B3E45009-C7C3-4090-837C-2D30C9058443}
		{52814B0D-7DCA-45B8-9A16-8B147040D619} = {52814B0D-7DCA-45B8-9A16-8B147040D619}
		{AA46AF16-9678-4054-8E48-98DC21ECEC82} = {AA46AF16-9678-4054-8E48-98DC21ECEC82}
		{E45DB518-6562-4033-80E8-60030F0B169F} = {E45DB518-6562-4033-80E8-60030F0B169F}
		{7522A458-92F4-4259-B906-E84C2A65D9F1} = {7522A458-92F4-4259-B906-E84C2A65D9F1}
		{002FF064-588F-402E-A096-C8D033F49F40} = {002FF064-588F-402E-A096-C8D033F49F40}
		{6BC9B796-10C6-4CF7-A6E4-E2DACCDA84DA} = {6BC9B796-10C6-4CF7-A6E4-E2DACCDA84DA}
		{76261DC8-25B3-43F4-9FB5-112C4AC0880E} = {76261DC8-25B3-43F4-9FB5-112C4AC0880E}
		{9A3A5AF3-2333-4477-B880-7F901F9D8972} = {9A3A5AF3-2333-4477-B880-7F901F9D8972}
	EndProjectSection
EndProject
Project("{8BC9CEB8-8B4A-11D0-8D11-00A0C91BC942}") = "tinySMS", "..\..\..\..\doubango\branches\2.0\doubango\tinySMS\tinySMS.vcproj", "{9A3A5AF3-2333-4477-B880-7F901F9D8972}"
	ProjectSection(ProjectDependencies) = postProject
		{6BC9B796-10C6-4CF7-A6E4-E2DACCDA84DA} = {6BC9B796-10C6-4CF7-A6E4-E2DACCDA84DA}
	EndProjectSection
EndProject
Project("{8BC9CEB8-8B4A-11D0-8D11-00A0C91BC942}") = "tinyXCAP", "..\..\..\..\doubango\branches\2.0\doubango\tinyXCAP\tinyXCAP.vcproj", "{570CF33D-E65F-448F-8AC2-F9AE2F23152F}"
	ProjectSection(ProjectDependencies) = postProject
		{7522A458-92F4-4259-B906-E84C2A65D9F1} = {7522A458-92F4-4259-B906-E84C2A65D9F1}
		{6BC9B796-10C6-4CF7-A6E4-E2DACCDA84DA} = {6BC9B796-10C6-4CF7-A6E4-E2DACCDA84DA}
	EndProjectSection
EndProject
Project("{8BC9CEB8-8B4A-11D0-8D11-00A0C91BC942}") = "tinyWRAP", "..\..\..\..\doubango\branches\2.0\doubango\bindings\csharp\tinyWRAP.vcproj", "{6B60DF14-D5D7-4654-B8F9-1CBC8892CFC8}"
	ProjectSection(ProjectDependencies) = postProject
		{B3E45009-C7C3-4090-837C-2D30C9058443} = {B3E45009-C7C3-4090-837C-2D30C9058443}
		{52814B0D-7DCA-45B8-9A16-8B147040D619} = {52814B0D-7DCA-45B8-9A16-8B147040D619}
		{AA46AF16-9678-4054-8E48-98DC21ECEC82} = {AA46AF16-9678-4054-8E48-98DC21ECEC82}
		{E45DB518-6562-4033-80E8-60030F0B169F} = {E45DB518-6562-4033-80E8-60030F0B169F}
		{8E2F0B2E-2596-4010-BF4A-2F688975B5C1} = {8E2F0B2E-2596-4010-BF4A-2F688975B5C1}
		{99B7D02F-8C70-4B45-AF3C-92313C3CEE15} = {99B7D02F-8C70-4B45-AF3C-92313C3CEE15}
		{4CE20732-9978-4A88-B586-CFEFCB63E82D} = {4CE20732-9978-4A88-B586-CFEFCB63E82D}
		{570CF33D-E65F-448F-8AC2-F9AE2F23152F} = {570CF33D-E65F-448F-8AC2-F9AE2F23152F}
		{7522A458-92F4-4259-B906-E84C2A65D9F1} = {7522A458-92F4-4259-B906-E84C2A65D9F1}
		{002FF064-588F-402E-A096-C8D033F49F40} = {002FF064-588F-402E-A096-C8D033F49F40}
		{6BC9B796-10C6-4CF7-A6E4-E2DACCDA84DA} = {6BC9B796-10C6-4CF7-A6E4-E2DACCDA84DA}
		{76261DC8-25B3-43F4-9FB5-112C4AC0880E} = {76261DC8-25B3-43F4-9FB5-112C4AC0880E}
		{9A3A5AF3-2333-4477-B880-7F901F9D8972} = {9A3A5AF3-2333-4477-B880-7F901F9D8972}
	EndProjectSection
EndProject
Project("{2150E333-8FDC-42A3-9474-1A3956D46DE8}") = "plugins", "plugins", "{65D3B3D2-BC15-4F46-A926-DC4F4481BC65}"
EndProject
Project("{8BC9CEB8-8B4A-11D0-8D11-00A0C91BC942}") = "audio_webrtc", "..\..\..\..\doubango\branches\2.0\doubango\plugins\audio_webrtc\audio_webrtc.vcproj", "{8E01E57E-36AD-4830-BEEB-FBC2ED6F0CF1}"
EndProject
Project("{8BC9CEB8-8B4A-11D0-8D11-00A0C91BC942}") = "audio_opensles", "..\..\..\..\doubango\branches\2.0\doubango\plugins\audio_opensles\audio_opensles.vcproj", "{1C451CD7-337D-4E72-8788-9607D263752B}"
EndProject
Project("{8BC9CEB8-8B4A-11D0-8D11-00A0C91BC942}") = "pluginWinMF", "..\..\..\..\doubango\branches\2.0\doubango\plugins\pluginWinMF\pluginWinMF.vcproj", "{E8596446-CB3A-4AD5-83C3-6562EE426494}"
	ProjectSection(ProjectDependencies) = postProject
		{52814B0D-7DCA-45B8-9A16-8B147040D619} = {52814B0D-7DCA-45B8-9A16-8B147040D619}
		{6BC9B796-10C6-4CF7-A6E4-E2DACCDA84DA} = {6BC9B796-10C6-4CF7-A6E4-E2DACCDA84DA}
	EndProjectSection
EndProject
Project("{8BC9CEB8-8B4A-11D0-8D11-00A0C91BC942}") = "pluginDirectShow", "..\..\..\..\doubango\branches\2.0\doubango\plugins\pluginDirectShow\pluginDirectShow.vcproj", "{6A69773C-0C70-4BD4-8362-C274CAFD58F2}"
	ProjectSection(ProjectDependencies) = postProject
		{52814B0D-7DCA-45B8-9A16-8B147040D619} = {52814B0D-7DCA-45B8-9A16-8B147040D619}
		{6BC9B796-10C6-4CF7-A6E4-E2DACCDA84DA} = {6BC9B796-10C6-4CF7-A6E4-E2DACCDA84DA}
	EndProjectSection
EndProject
Project("{8BC9CEB8-8B4A-11D0-8D11-00A0C91BC942}") = "pluginCUDA", "..\..\..\..\doubango\branches\2.0\doubango\plugins\pluginCUDA\pluginCUDA.vcproj", "{97008E5F-C6FC-4748-BE0D-50400E6764CB}"
	ProjectSection(ProjectDependencies) = postProject
		{52814B0D-7DCA-45B8-9A16-8B147040D619} = {52814B0D-7DCA-45B8-9A16-8B147040D619}
		{6BC9B796-10C6-4CF7-A6E4-E2DACCDA84DA} = {6BC9B796-10C6-4CF7-A6E4-E2DACCDA84DA}
	EndProjectSection
EndProject
Project("{8BC9CEB8-8B4A-11D0-8D11-00A0C91BC942}") = "pluginWASAPI", "..\..\..\..\doubango\branches\2.0\doubango\plugins\pluginWASAPI\pluginWASAPI.vcproj", "{8D72C459-8B9D-4280-8331-8BAB02D735E5}"
	ProjectSection(ProjectDependencies) = postProject
		{52814B0D-7DCA-45B8-9A16-8B147040D619} = {52814B0D-7DCA-45B8-9A16-8B147040D619}
		{99B7D02F-8C70-4B45-AF3C-92313C3CEE15} = {99B7D02F-8C70-4B45-AF3C-92313C3CEE15}
	EndProjectSection
EndProject
Project("{8BC9CEB8-8B4A-11D0-8D11-00A0C91BC942}") = "pluginWinAudioDSP", "..\..\..\..\doubango\branches\2.0\doubango\plugins\pluginWinAudioDSP\pluginWinAudioDSP.vcproj", "{3C720D1E-E3DC-408E-99EF-A5AA2B81C520}"
EndProject
Project("{8BC9CEB8-8B4A-11D0-8D11-00A0C91BC942}") = "pluginWinIPSecVista", "..\..\..\..\doubango\branches\2.0\doubango\plugins\pluginWinIPSecVista\pluginWinIPSecVista.vcproj", "{AAD0B2B5-8D8C-4DE0-BB20-1AB6CFAA617D}"
	ProjectSection(ProjectDependencies) = postProject
		{002FF064-588F-402E-A096-C8D033F49F40} = {002FF064-588F-402E-A096-C8D033F49F40}
		{6BC9B796-10C6-4CF7-A6E4-E2DACCDA84DA} = {6BC9B796-10C6-4CF7-A6E4-E2DACCDA84DA}
	EndProjectSection
EndProject
Project("{8BC9CEB8-8B4A-11D0-8D11-00A0C91BC942}") = "tinyBFCP", "..\..\..\..\doubango\branches\2.0\doubango\tinyBFCP\tinyBFCP.vcproj", "{78605D89-4D51-41AC-AFE2-061B4CAB81F1}"
	ProjectSection(ProjectDependencies) = postProject
		{7522A458-92F4-4259-B906-E84C2A65D9F1} = {7522A458-92F4-4259-B906-E84C2A65D9F1}
		{6BC9B796-10C6-4CF7-A6E4-E2DACCDA84DA} = {6BC9B796-10C6-4CF7-A6E4-E2DACCDA84DA}
	EndProjectSection
EndProject
Global
	GlobalSection(SolutionConfigurationPlatforms) = preSolution
		Debug|Any CPU = Debug|Any CPU
		Debug|Mixed Platforms = Debug|Mixed Platforms
		Debug|Win32 = Debug|Win32
		Release|Any CPU = Release|Any CPU
		Release|Mixed Platforms = Release|Mixed Platforms
		Release|Win32 = Release|Win32
		Static_Debug|Any CPU = Static_Debug|Any CPU
		Static_Debug|Mixed Platforms = Static_Debug|Mixed Platforms
		Static_Debug|Win32 = Static_Debug|Win32
		Static_Release|Any CPU = Static_Release|Any CPU
		Static_Release|Mixed Platforms = Static_Release|Mixed Platforms
		Static_Release|Win32 = Static_Release|Win32
	EndGlobalSection
	GlobalSection(ProjectConfigurationPlatforms) = postSolution
		{93201A98-88E0-4430-BCEB-643E58C28C66}.Debug|Any CPU.ActiveCfg = Debug|Any CPU
		{93201A98-88E0-4430-BCEB-643E58C28C66}.Debug|Any CPU.Build.0 = Debug|Any CPU
		{93201A98-88E0-4430-BCEB-643E58C28C66}.Debug|Mixed Platforms.ActiveCfg = Debug|Any CPU
		{93201A98-88E0-4430-BCEB-643E58C28C66}.Debug|Mixed Platforms.Build.0 = Debug|Any CPU
		{93201A98-88E0-4430-BCEB-643E58C28C66}.Debug|Win32.ActiveCfg = Debug|Any CPU
		{93201A98-88E0-4430-BCEB-643E58C28C66}.Debug|Win32.Build.0 = Debug|Any CPU
		{93201A98-88E0-4430-BCEB-643E58C28C66}.Release|Any CPU.ActiveCfg = Release|Any CPU
		{93201A98-88E0-4430-BCEB-643E58C28C66}.Release|Any CPU.Build.0 = Release|Any CPU
		{93201A98-88E0-4430-BCEB-643E58C28C66}.Release|Mixed Platforms.ActiveCfg = Release|Any CPU
		{93201A98-88E0-4430-BCEB-643E58C28C66}.Release|Mixed Platforms.Build.0 = Release|Any CPU
		{93201A98-88E0-4430-BCEB-643E58C28C66}.Release|Win32.ActiveCfg = Release|Any CPU
		{93201A98-88E0-4430-BCEB-643E58C28C66}.Release|Win32.Build.0 = Release|Any CPU
		{93201A98-88E0-4430-BCEB-643E58C28C66}.Static_Debug|Any CPU.ActiveCfg = Debug|Any CPU
		{93201A98-88E0-4430-BCEB-643E58C28C66}.Static_Debug|Any CPU.Build.0 = Debug|Any CPU
		{93201A98-88E0-4430-BCEB-643E58C28C66}.Static_Debug|Mixed Platforms.ActiveCfg = Debug|Any CPU
		{93201A98-88E0-4430-BCEB-643E58C28C66}.Static_Debug|Mixed Platforms.Build.0 = Debug|Any CPU
		{93201A98-88E0-4430-BCEB-643E58C28C66}.Static_Debug|Win32.ActiveCfg = Debug|Any CPU
		{93201A98-88E0-4430-BCEB-643E58C28C66}.Static_Release|Any CPU.ActiveCfg = Release|Any CPU
		{93201A98-88E0-4430-BCEB-643E58C28C66}.Static_Release|Any CPU.Build.0 = Release|Any CPU
		{93201A98-88E0-4430-BCEB-643E58C28C66}.Static_Release|Mixed Platforms.ActiveCfg = Release|Any CPU
		{93201A98-88E0-4430-BCEB-643E58C28C66}.Static_Release|Mixed Platforms.Build.0 = Release|Any CPU
		{93201A98-88E0-4430-BCEB-643E58C28C66}.Static_Release|Win32.ActiveCfg = Release|Any CPU
		{B4E6B7AC-B18B-49CE-A79D-9B39E0A06499}.Debug|Any CPU.ActiveCfg = Debug|Any CPU
		{B4E6B7AC-B18B-49CE-A79D-9B39E0A06499}.Debug|Any CPU.Build.0 = Debug|Any CPU
		{B4E6B7AC-B18B-49CE-A79D-9B39E0A06499}.Debug|Mixed Platforms.ActiveCfg = Debug|Any CPU
		{B4E6B7AC-B18B-49CE-A79D-9B39E0A06499}.Debug|Mixed Platforms.Build.0 = Debug|Any CPU
		{B4E6B7AC-B18B-49CE-A79D-9B39E0A06499}.Debug|Win32.ActiveCfg = Debug|Any CPU
		{B4E6B7AC-B18B-49CE-A79D-9B39E0A06499}.Debug|Win32.Build.0 = Debug|Any CPU
		{B4E6B7AC-B18B-49CE-A79D-9B39E0A06499}.Release|Any CPU.ActiveCfg = Release|Any CPU
		{B4E6B7AC-B18B-49CE-A79D-9B39E0A06499}.Release|Any CPU.Build.0 = Release|Any CPU
		{B4E6B7AC-B18B-49CE-A79D-9B39E0A06499}.Release|Mixed Platforms.ActiveCfg = Release|Any CPU
		{B4E6B7AC-B18B-49CE-A79D-9B39E0A06499}.Release|Mixed Platforms.Build.0 = Release|Any CPU
		{B4E6B7AC-B18B-49CE-A79D-9B39E0A06499}.Release|Win32.ActiveCfg = Release|Any CPU
		{B4E6B7AC-B18B-49CE-A79D-9B39E0A06499}.Release|Win32.Build.0 = Release|Any CPU
		{B4E6B7AC-B18B-49CE-A79D-9B39E0A06499}.Static_Debug|Any CPU.ActiveCfg = Debug|Any CPU
		{B4E6B7AC-B18B-49CE-A79D-9B39E0A06499}.Static_Debug|Any CPU.Build.0 = Debug|Any CPU
		{B4E6B7AC-B18B-49CE-A79D-9B39E0A06499}.Static_Debug|Mixed Platforms.ActiveCfg = Debug|Any CPU
		{B4E6B7AC-B18B-49CE-A79D-9B39E0A06499}.Static_Debug|Mixed Platforms.Build.0 = Debug|Any CPU
		{B4E6B7AC-B18B-49CE-A79D-9B39E0A06499}.Static_Debug|Win32.ActiveCfg = Debug|Any CPU
		{B4E6B7AC-B18B-49CE-A79D-9B39E0A06499}.Static_Release|Any CPU.ActiveCfg = Release|Any CPU
		{B4E6B7AC-B18B-49CE-A79D-9B39E0A06499}.Static_Release|Any CPU.Build.0 = Release|Any CPU
		{B4E6B7AC-B18B-49CE-A79D-9B39E0A06499}.Static_Release|Mixed Platforms.ActiveCfg = Release|Any CPU
		{B4E6B7AC-B18B-49CE-A79D-9B39E0A06499}.Static_Release|Mixed Platforms.Build.0 = Release|Any CPU
		{B4E6B7AC-B18B-49CE-A79D-9B39E0A06499}.Static_Release|Win32.ActiveCfg = Release|Any CPU
		{AA9DE4E7-5C53-4DDE-BD95-B478CE2E369E}.Debug|Any CPU.ActiveCfg = Debug|Any CPU
		{AA9DE4E7-5C53-4DDE-BD95-B478CE2E369E}.Debug|Any CPU.Build.0 = Debug|Any CPU
		{AA9DE4E7-5C53-4DDE-BD95-B478CE2E369E}.Debug|Mixed Platforms.ActiveCfg = Debug|Any CPU
		{AA9DE4E7-5C53-4DDE-BD95-B478CE2E369E}.Debug|Mixed Platforms.Build.0 = Debug|Any CPU
		{AA9DE4E7-5C53-4DDE-BD95-B478CE2E369E}.Debug|Win32.ActiveCfg = Debug|Any CPU
		{AA9DE4E7-5C53-4DDE-BD95-B478CE2E369E}.Debug|Win32.Build.0 = Debug|Any CPU
		{AA9DE4E7-5C53-4DDE-BD95-B478CE2E369E}.Release|Any CPU.ActiveCfg = Release|Any CPU
		{AA9DE4E7-5C53-4DDE-BD95-B478CE2E369E}.Release|Any CPU.Build.0 = Release|Any CPU
		{AA9DE4E7-5C53-4DDE-BD95-B478CE2E369E}.Release|Mixed Platforms.ActiveCfg = Release|Any CPU
		{AA9DE4E7-5C53-4DDE-BD95-B478CE2E369E}.Release|Mixed Platforms.Build.0 = Release|Any CPU
		{AA9DE4E7-5C53-4DDE-BD95-B478CE2E369E}.Release|Win32.ActiveCfg = Release|Any CPU
		{AA9DE4E7-5C53-4DDE-BD95-B478CE2E369E}.Release|Win32.Build.0 = Release|Any CPU
		{AA9DE4E7-5C53-4DDE-BD95-B478CE2E369E}.Static_Debug|Any CPU.ActiveCfg = Debug|Any CPU
		{AA9DE4E7-5C53-4DDE-BD95-B478CE2E369E}.Static_Debug|Any CPU.Build.0 = Debug|Any CPU
		{AA9DE4E7-5C53-4DDE-BD95-B478CE2E369E}.Static_Debug|Mixed Platforms.ActiveCfg = Debug|Any CPU
		{AA9DE4E7-5C53-4DDE-BD95-B478CE2E369E}.Static_Debug|Mixed Platforms.Build.0 = Debug|Any CPU
		{AA9DE4E7-5C53-4DDE-BD95-B478CE2E369E}.Static_Debug|Win32.ActiveCfg = Debug|Any CPU
		{AA9DE4E7-5C53-4DDE-BD95-B478CE2E369E}.Static_Release|Any CPU.ActiveCfg = Release|Any CPU
		{AA9DE4E7-5C53-4DDE-BD95-B478CE2E369E}.Static_Release|Any CPU.Build.0 = Release|Any CPU
		{AA9DE4E7-5C53-4DDE-BD95-B478CE2E369E}.Static_Release|Mixed Platforms.ActiveCfg = Release|Any CPU
		{AA9DE4E7-5C53-4DDE-BD95-B478CE2E369E}.Static_Release|Mixed Platforms.Build.0 = Release|Any CPU
		{AA9DE4E7-5C53-4DDE-BD95-B478CE2E369E}.Static_Release|Win32.ActiveCfg = Release|Any CPU
		{598C350C-BBB4-41C4-84BC-725B17D6E294}.Debug|Any CPU.ActiveCfg = Debug|Any CPU
		{598C350C-BBB4-41C4-84BC-725B17D6E294}.Debug|Any CPU.Build.0 = Debug|Any CPU
		{598C350C-BBB4-41C4-84BC-725B17D6E294}.Debug|Mixed Platforms.ActiveCfg = Debug|Any CPU
		{598C350C-BBB4-41C4-84BC-725B17D6E294}.Debug|Mixed Platforms.Build.0 = Debug|Any CPU
		{598C350C-BBB4-41C4-84BC-725B17D6E294}.Debug|Win32.ActiveCfg = Debug|Any CPU
		{598C350C-BBB4-41C4-84BC-725B17D6E294}.Debug|Win32.Build.0 = Debug|Any CPU
		{598C350C-BBB4-41C4-84BC-725B17D6E294}.Release|Any CPU.ActiveCfg = Release|Any CPU
		{598C350C-BBB4-41C4-84BC-725B17D6E294}.Release|Any CPU.Build.0 = Release|Any CPU
		{598C350C-BBB4-41C4-84BC-725B17D6E294}.Release|Mixed Platforms.ActiveCfg = Release|Any CPU
		{598C350C-BBB4-41C4-84BC-725B17D6E294}.Release|Mixed Platforms.Build.0 = Release|Any CPU
		{598C350C-BBB4-41C4-84BC-725B17D6E294}.Release|Win32.ActiveCfg = Release|Any CPU
		{598C350C-BBB4-41C4-84BC-725B17D6E294}.Release|Win32.Build.0 = Release|Any CPU
		{598C350C-BBB4-41C4-84BC-725B17D6E294}.Static_Debug|Any CPU.ActiveCfg = Debug|Any CPU
		{598C350C-BBB4-41C4-84BC-725B17D6E294}.Static_Debug|Any CPU.Build.0 = Debug|Any CPU
		{598C350C-BBB4-41C4-84BC-725B17D6E294}.Static_Debug|Mixed Platforms.ActiveCfg = Debug|Any CPU
		{598C350C-BBB4-41C4-84BC-725B17D6E294}.Static_Debug|Mixed Platforms.Build.0 = Debug|Any CPU
		{598C350C-BBB4-41C4-84BC-725B17D6E294}.Static_Debug|Win32.ActiveCfg = Debug|Any CPU
		{598C350C-BBB4-41C4-84BC-725B17D6E294}.Static_Release|Any CPU.ActiveCfg = Release|Any CPU
		{598C350C-BBB4-41C4-84BC-725B17D6E294}.Static_Release|Any CPU.Build.0 = Release|Any CPU
		{598C350C-BBB4-41C4-84BC-725B17D6E294}.Static_Release|Mixed Platforms.ActiveCfg = Release|Any CPU
		{598C350C-BBB4-41C4-84BC-725B17D6E294}.Static_Release|Mixed Platforms.Build.0 = Release|Any CPU
		{598C350C-BBB4-41C4-84BC-725B17D6E294}.Static_Release|Win32.ActiveCfg = Release|Any CPU
		{C916D357-A1FF-46C8-B3BA-28173F5ACEE9}.Debug|Any CPU.ActiveCfg = Debug|Any CPU
		{C916D357-A1FF-46C8-B3BA-28173F5ACEE9}.Debug|Any CPU.Build.0 = Debug|Any CPU
		{C916D357-A1FF-46C8-B3BA-28173F5ACEE9}.Debug|Mixed Platforms.ActiveCfg = Debug|Any CPU
		{C916D357-A1FF-46C8-B3BA-28173F5ACEE9}.Debug|Mixed Platforms.Build.0 = Debug|Any CPU
		{C916D357-A1FF-46C8-B3BA-28173F5ACEE9}.Debug|Win32.ActiveCfg = Debug|Any CPU
		{C916D357-A1FF-46C8-B3BA-28173F5ACEE9}.Debug|Win32.Build.0 = Debug|Any CPU
		{C916D357-A1FF-46C8-B3BA-28173F5ACEE9}.Release|Any CPU.ActiveCfg = Release|Any CPU
		{C916D357-A1FF-46C8-B3BA-28173F5ACEE9}.Release|Any CPU.Build.0 = Release|Any CPU
		{C916D357-A1FF-46C8-B3BA-28173F5ACEE9}.Release|Mixed Platforms.ActiveCfg = Release|Any CPU
		{C916D357-A1FF-46C8-B3BA-28173F5ACEE9}.Release|Mixed Platforms.Build.0 = Release|Any CPU
		{C916D357-A1FF-46C8-B3BA-28173F5ACEE9}.Release|Win32.ActiveCfg = Release|Any CPU
		{C916D357-A1FF-46C8-B3BA-28173F5ACEE9}.Release|Win32.Build.0 = Release|Any CPU
		{C916D357-A1FF-46C8-B3BA-28173F5ACEE9}.Static_Debug|Any CPU.ActiveCfg = Debug|Any CPU
		{C916D357-A1FF-46C8-B3BA-28173F5ACEE9}.Static_Debug|Any CPU.Build.0 = Debug|Any CPU
		{C916D357-A1FF-46C8-B3BA-28173F5ACEE9}.Static_Debug|Mixed Platforms.ActiveCfg = Debug|Any CPU
		{C916D357-A1FF-46C8-B3BA-28173F5ACEE9}.Static_Debug|Mixed Platforms.Build.0 = Debug|Any CPU
		{C916D357-A1FF-46C8-B3BA-28173F5ACEE9}.Static_Debug|Win32.ActiveCfg = Debug|Any CPU
		{C916D357-A1FF-46C8-B3BA-28173F5ACEE9}.Static_Release|Any CPU.ActiveCfg = Release|Any CPU
		{C916D357-A1FF-46C8-B3BA-28173F5ACEE9}.Static_Release|Any CPU.Build.0 = Release|Any CPU
		{C916D357-A1FF-46C8-B3BA-28173F5ACEE9}.Static_Release|Mixed Platforms.ActiveCfg = Release|Any CPU
		{C916D357-A1FF-46C8-B3BA-28173F5ACEE9}.Static_Release|Mixed Platforms.Build.0 = Release|Any CPU
		{C916D357-A1FF-46C8-B3BA-28173F5ACEE9}.Static_Release|Win32.ActiveCfg = Release|Any CPU
		{B6B00305-D0D5-40F7-A1EF-370C034C6C07}.Debug|Any CPU.ActiveCfg = Debug
		{B6B00305-D0D5-40F7-A1EF-370C034C6C07}.Debug|Mixed Platforms.ActiveCfg = Debug
		{B6B00305-D0D5-40F7-A1EF-370C034C6C07}.Debug|Win32.ActiveCfg = Debug
		{B6B00305-D0D5-40F7-A1EF-370C034C6C07}.Release|Any CPU.ActiveCfg = Release
		{B6B00305-D0D5-40F7-A1EF-370C034C6C07}.Release|Any CPU.Build.0 = Release
		{B6B00305-D0D5-40F7-A1EF-370C034C6C07}.Release|Mixed Platforms.ActiveCfg = Release
		{B6B00305-D0D5-40F7-A1EF-370C034C6C07}.Release|Win32.ActiveCfg = Release
		{B6B00305-D0D5-40F7-A1EF-370C034C6C07}.Static_Debug|Any CPU.ActiveCfg = Debug
		{B6B00305-D0D5-40F7-A1EF-370C034C6C07}.Static_Debug|Mixed Platforms.ActiveCfg = Debug
		{B6B00305-D0D5-40F7-A1EF-370C034C6C07}.Static_Debug|Win32.ActiveCfg = Debug
		{B6B00305-D0D5-40F7-A1EF-370C034C6C07}.Static_Release|Any CPU.ActiveCfg = Release
		{B6B00305-D0D5-40F7-A1EF-370C034C6C07}.Static_Release|Mixed Platforms.ActiveCfg = Release
		{B6B00305-D0D5-40F7-A1EF-370C034C6C07}.Static_Release|Win32.ActiveCfg = Release
		{8E2F0B2E-2596-4010-BF4A-2F688975B5C1}.Debug|Any CPU.ActiveCfg = Debug|Win32
		{8E2F0B2E-2596-4010-BF4A-2F688975B5C1}.Debug|Mixed Platforms.ActiveCfg = Debug|Win32
		{8E2F0B2E-2596-4010-BF4A-2F688975B5C1}.Debug|Mixed Platforms.Build.0 = Debug|Win32
		{8E2F0B2E-2596-4010-BF4A-2F688975B5C1}.Debug|Win32.ActiveCfg = Debug|Win32
		{8E2F0B2E-2596-4010-BF4A-2F688975B5C1}.Debug|Win32.Build.0 = Debug|Win32
		{8E2F0B2E-2596-4010-BF4A-2F688975B5C1}.Release|Any CPU.ActiveCfg = Release|Win32
		{8E2F0B2E-2596-4010-BF4A-2F688975B5C1}.Release|Mixed Platforms.ActiveCfg = Release|Win32
		{8E2F0B2E-2596-4010-BF4A-2F688975B5C1}.Release|Mixed Platforms.Build.0 = Release|Win32
		{8E2F0B2E-2596-4010-BF4A-2F688975B5C1}.Release|Win32.ActiveCfg = Release|Win32
		{8E2F0B2E-2596-4010-BF4A-2F688975B5C1}.Release|Win32.Build.0 = Release|Win32
		{8E2F0B2E-2596-4010-BF4A-2F688975B5C1}.Static_Debug|Any CPU.ActiveCfg = Debug|Win32
		{8E2F0B2E-2596-4010-BF4A-2F688975B5C1}.Static_Debug|Mixed Platforms.ActiveCfg = Debug|Win32
		{8E2F0B2E-2596-4010-BF4A-2F688975B5C1}.Static_Debug|Mixed Platforms.Build.0 = Debug|Win32
		{8E2F0B2E-2596-4010-BF4A-2F688975B5C1}.Static_Debug|Win32.ActiveCfg = Debug|Win32
		{8E2F0B2E-2596-4010-BF4A-2F688975B5C1}.Static_Debug|Win32.Build.0 = Debug|Win32
		{8E2F0B2E-2596-4010-BF4A-2F688975B5C1}.Static_Release|Any CPU.ActiveCfg = Release|Win32
		{8E2F0B2E-2596-4010-BF4A-2F688975B5C1}.Static_Release|Mixed Platforms.ActiveCfg = Release|Win32
		{8E2F0B2E-2596-4010-BF4A-2F688975B5C1}.Static_Release|Mixed Platforms.Build.0 = Release|Win32
		{8E2F0B2E-2596-4010-BF4A-2F688975B5C1}.Static_Release|Win32.ActiveCfg = Release|Win32
		{8E2F0B2E-2596-4010-BF4A-2F688975B5C1}.Static_Release|Win32.Build.0 = Release|Win32
		{B3E45009-C7C3-4090-837C-2D30C9058443}.Debug|Any CPU.ActiveCfg = Debug|Win32
		{B3E45009-C7C3-4090-837C-2D30C9058443}.Debug|Mixed Platforms.ActiveCfg = Debug|Win32
		{B3E45009-C7C3-4090-837C-2D30C9058443}.Debug|Mixed Platforms.Build.0 = Debug|Win32
		{B3E45009-C7C3-4090-837C-2D30C9058443}.Debug|Win32.ActiveCfg = Debug|Win32
		{B3E45009-C7C3-4090-837C-2D30C9058443}.Debug|Win32.Build.0 = Debug|Win32
		{B3E45009-C7C3-4090-837C-2D30C9058443}.Release|Any CPU.ActiveCfg = Release|Win32
		{B3E45009-C7C3-4090-837C-2D30C9058443}.Release|Mixed Platforms.ActiveCfg = Release|Win32
		{B3E45009-C7C3-4090-837C-2D30C9058443}.Release|Mixed Platforms.Build.0 = Release|Win32
		{B3E45009-C7C3-4090-837C-2D30C9058443}.Release|Win32.ActiveCfg = Release|Win32
		{B3E45009-C7C3-4090-837C-2D30C9058443}.Release|Win32.Build.0 = Release|Win32
		{B3E45009-C7C3-4090-837C-2D30C9058443}.Static_Debug|Any CPU.ActiveCfg = Debug|Win32
		{B3E45009-C7C3-4090-837C-2D30C9058443}.Static_Debug|Mixed Platforms.ActiveCfg = Debug|Win32
		{B3E45009-C7C3-4090-837C-2D30C9058443}.Static_Debug|Mixed Platforms.Build.0 = Debug|Win32
		{B3E45009-C7C3-4090-837C-2D30C9058443}.Static_Debug|Win32.ActiveCfg = Debug|Win32
		{B3E45009-C7C3-4090-837C-2D30C9058443}.Static_Debug|Win32.Build.0 = Debug|Win32
		{B3E45009-C7C3-4090-837C-2D30C9058443}.Static_Release|Any CPU.ActiveCfg = Release|Win32
		{B3E45009-C7C3-4090-837C-2D30C9058443}.Static_Release|Mixed Platforms.ActiveCfg = Release|Win32
		{B3E45009-C7C3-4090-837C-2D30C9058443}.Static_Release|Mixed Platforms.Build.0 = Release|Win32
		{B3E45009-C7C3-4090-837C-2D30C9058443}.Static_Release|Win32.ActiveCfg = Release|Win32
		{B3E45009-C7C3-4090-837C-2D30C9058443}.Static_Release|Win32.Build.0 = Release|Win32
		{002FF064-588F-402E-A096-C8D033F49F40}.Debug|Any CPU.ActiveCfg = Debug|Win32
		{002FF064-588F-402E-A096-C8D033F49F40}.Debug|Mixed Platforms.ActiveCfg = Debug|Win32
		{002FF064-588F-402E-A096-C8D033F49F40}.Debug|Mixed Platforms.Build.0 = Debug|Win32
		{002FF064-588F-402E-A096-C8D033F49F40}.Debug|Win32.ActiveCfg = Debug|Win32
		{002FF064-588F-402E-A096-C8D033F49F40}.Debug|Win32.Build.0 = Debug|Win32
		{002FF064-588F-402E-A096-C8D033F49F40}.Release|Any CPU.ActiveCfg = Release|Win32
		{002FF064-588F-402E-A096-C8D033F49F40}.Release|Mixed Platforms.ActiveCfg = Release|Win32
		{002FF064-588F-402E-A096-C8D033F49F40}.Release|Mixed Platforms.Build.0 = Release|Win32
		{002FF064-588F-402E-A096-C8D033F49F40}.Release|Win32.ActiveCfg = Release|Win32
		{002FF064-588F-402E-A096-C8D033F49F40}.Release|Win32.Build.0 = Release|Win32
		{002FF064-588F-402E-A096-C8D033F49F40}.Static_Debug|Any CPU.ActiveCfg = Debug|Win32
		{002FF064-588F-402E-A096-C8D033F49F40}.Static_Debug|Mixed Platforms.ActiveCfg = Debug|Win32
		{002FF064-588F-402E-A096-C8D033F49F40}.Static_Debug|Mixed Platforms.Build.0 = Debug|Win32
		{002FF064-588F-402E-A096-C8D033F49F40}.Static_Debug|Win32.ActiveCfg = Debug|Win32
		{002FF064-588F-402E-A096-C8D033F49F40}.Static_Debug|Win32.Build.0 = Debug|Win32
		{002FF064-588F-402E-A096-C8D033F49F40}.Static_Release|Any CPU.ActiveCfg = Release|Win32
		{002FF064-588F-402E-A096-C8D033F49F40}.Static_Release|Mixed Platforms.ActiveCfg = Release|Win32
		{002FF064-588F-402E-A096-C8D033F49F40}.Static_Release|Mixed Platforms.Build.0 = Release|Win32
		{002FF064-588F-402E-A096-C8D033F49F40}.Static_Release|Win32.ActiveCfg = Release|Win32
		{002FF064-588F-402E-A096-C8D033F49F40}.Static_Release|Win32.Build.0 = Release|Win32
		{52814B0D-7DCA-45B8-9A16-8B147040D619}.Debug|Any CPU.ActiveCfg = Debug|Win32
		{52814B0D-7DCA-45B8-9A16-8B147040D619}.Debug|Mixed Platforms.ActiveCfg = Debug|Win32
		{52814B0D-7DCA-45B8-9A16-8B147040D619}.Debug|Mixed Platforms.Build.0 = Debug|Win32
		{52814B0D-7DCA-45B8-9A16-8B147040D619}.Debug|Win32.ActiveCfg = Debug|Win32
		{52814B0D-7DCA-45B8-9A16-8B147040D619}.Debug|Win32.Build.0 = Debug|Win32
		{52814B0D-7DCA-45B8-9A16-8B147040D619}.Release|Any CPU.ActiveCfg = Release|Win32
		{52814B0D-7DCA-45B8-9A16-8B147040D619}.Release|Mixed Platforms.ActiveCfg = Release|Win32
		{52814B0D-7DCA-45B8-9A16-8B147040D619}.Release|Mixed Platforms.Build.0 = Release|Win32
		{52814B0D-7DCA-45B8-9A16-8B147040D619}.Release|Win32.ActiveCfg = Release|Win32
		{52814B0D-7DCA-45B8-9A16-8B147040D619}.Release|Win32.Build.0 = Release|Win32
		{52814B0D-7DCA-45B8-9A16-8B147040D619}.Static_Debug|Any CPU.ActiveCfg = Debug|Win32
		{52814B0D-7DCA-45B8-9A16-8B147040D619}.Static_Debug|Mixed Platforms.ActiveCfg = Debug|Win32
		{52814B0D-7DCA-45B8-9A16-8B147040D619}.Static_Debug|Mixed Platforms.Build.0 = Debug|Win32
		{52814B0D-7DCA-45B8-9A16-8B147040D619}.Static_Debug|Win32.ActiveCfg = Debug|Win32
		{52814B0D-7DCA-45B8-9A16-8B147040D619}.Static_Debug|Win32.Build.0 = Debug|Win32
		{52814B0D-7DCA-45B8-9A16-8B147040D619}.Static_Release|Any CPU.ActiveCfg = Release|Win32
		{52814B0D-7DCA-45B8-9A16-8B147040D619}.Static_Release|Mixed Platforms.ActiveCfg = Release|Win32
		{52814B0D-7DCA-45B8-9A16-8B147040D619}.Static_Release|Mixed Platforms.Build.0 = Release|Win32
		{52814B0D-7DCA-45B8-9A16-8B147040D619}.Static_Release|Win32.ActiveCfg = Release|Win32
		{52814B0D-7DCA-45B8-9A16-8B147040D619}.Static_Release|Win32.Build.0 = Release|Win32
		{AA46AF16-9678-4054-8E48-98DC21ECEC82}.Debug|Any CPU.ActiveCfg = Debug|Win32
		{AA46AF16-9678-4054-8E48-98DC21ECEC82}.Debug|Mixed Platforms.ActiveCfg = Debug|Win32
		{AA46AF16-9678-4054-8E48-98DC21ECEC82}.Debug|Mixed Platforms.Build.0 = Debug|Win32
		{AA46AF16-9678-4054-8E48-98DC21ECEC82}.Debug|Win32.ActiveCfg = Debug|Win32
		{AA46AF16-9678-4054-8E48-98DC21ECEC82}.Debug|Win32.Build.0 = Debug|Win32
		{AA46AF16-9678-4054-8E48-98DC21ECEC82}.Release|Any CPU.ActiveCfg = Release|Win32
		{AA46AF16-9678-4054-8E48-98DC21ECEC82}.Release|Mixed Platforms.ActiveCfg = Release|Win32
		{AA46AF16-9678-4054-8E48-98DC21ECEC82}.Release|Mixed Platforms.Build.0 = Release|Win32
		{AA46AF16-9678-4054-8E48-98DC21ECEC82}.Release|Win32.ActiveCfg = Release|Win32
		{AA46AF16-9678-4054-8E48-98DC21ECEC82}.Release|Win32.Build.0 = Release|Win32
		{AA46AF16-9678-4054-8E48-98DC21ECEC82}.Static_Debug|Any CPU.ActiveCfg = Debug|Win32
		{AA46AF16-9678-4054-8E48-98DC21ECEC82}.Static_Debug|Mixed Platforms.ActiveCfg = Debug|Win32
		{AA46AF16-9678-4054-8E48-98DC21ECEC82}.Static_Debug|Mixed Platforms.Build.0 = Debug|Win32
		{AA46AF16-9678-4054-8E48-98DC21ECEC82}.Static_Debug|Win32.ActiveCfg = Debug|Win32
		{AA46AF16-9678-4054-8E48-98DC21ECEC82}.Static_Debug|Win32.Build.0 = Debug|Win32
		{AA46AF16-9678-4054-8E48-98DC21ECEC82}.Static_Release|Any CPU.ActiveCfg = Release|Win32
		{AA46AF16-9678-4054-8E48-98DC21ECEC82}.Static_Release|Mixed Platforms.ActiveCfg = Release|Win32
		{AA46AF16-9678-4054-8E48-98DC21ECEC82}.Static_Release|Mixed Platforms.Build.0 = Release|Win32
		{AA46AF16-9678-4054-8E48-98DC21ECEC82}.Static_Release|Win32.ActiveCfg = Release|Win32
		{AA46AF16-9678-4054-8E48-98DC21ECEC82}.Static_Release|Win32.Build.0 = Release|Win32
		{7522A458-92F4-4259-B906-E84C2A65D9F1}.Debug|Any CPU.ActiveCfg = Debug|Windows Mobile 5.0 Pocket PC SDK (ARMV4I)
		{7522A458-92F4-4259-B906-E84C2A65D9F1}.Debug|Mixed Platforms.ActiveCfg = Debug|Win32
		{7522A458-92F4-4259-B906-E84C2A65D9F1}.Debug|Mixed Platforms.Build.0 = Debug|Win32
		{7522A458-92F4-4259-B906-E84C2A65D9F1}.Debug|Mixed Platforms.Deploy.0 = Debug|Win32
		{7522A458-92F4-4259-B906-E84C2A65D9F1}.Debug|Win32.ActiveCfg = Debug|Win32
		{7522A458-92F4-4259-B906-E84C2A65D9F1}.Debug|Win32.Build.0 = Debug|Win32
		{7522A458-92F4-4259-B906-E84C2A65D9F1}.Release|Any CPU.ActiveCfg = Release|Windows Mobile 5.0 Pocket PC SDK (ARMV4I)
		{7522A458-92F4-4259-B906-E84C2A65D9F1}.Release|Mixed Platforms.ActiveCfg = Release|Win32
		{7522A458-92F4-4259-B906-E84C2A65D9F1}.Release|Mixed Platforms.Build.0 = Release|Win32
		{7522A458-92F4-4259-B906-E84C2A65D9F1}.Release|Mixed Platforms.Deploy.0 = Release|Win32
		{7522A458-92F4-4259-B906-E84C2A65D9F1}.Release|Win32.ActiveCfg = Release|Win32
		{7522A458-92F4-4259-B906-E84C2A65D9F1}.Release|Win32.Build.0 = Release|Win32
		{7522A458-92F4-4259-B906-E84C2A65D9F1}.Static_Debug|Any CPU.ActiveCfg = Debug|Windows Mobile 5.0 Pocket PC SDK (ARMV4I)
		{7522A458-92F4-4259-B906-E84C2A65D9F1}.Static_Debug|Mixed Platforms.ActiveCfg = Debug|Windows Mobile 5.0 Pocket PC SDK (ARMV4I)
		{7522A458-92F4-4259-B906-E84C2A65D9F1}.Static_Debug|Mixed Platforms.Build.0 = Debug|Windows Mobile 5.0 Pocket PC SDK (ARMV4I)
		{7522A458-92F4-4259-B906-E84C2A65D9F1}.Static_Debug|Mixed Platforms.Deploy.0 = Debug|Windows Mobile 5.0 Pocket PC SDK (ARMV4I)
		{7522A458-92F4-4259-B906-E84C2A65D9F1}.Static_Debug|Win32.ActiveCfg = Debug|Win32
		{7522A458-92F4-4259-B906-E84C2A65D9F1}.Static_Debug|Win32.Build.0 = Debug|Win32
		{7522A458-92F4-4259-B906-E84C2A65D9F1}.Static_Release|Any CPU.ActiveCfg = Release|Windows Mobile 5.0 Pocket PC SDK (ARMV4I)
		{7522A458-92F4-4259-B906-E84C2A65D9F1}.Static_Release|Mixed Platforms.ActiveCfg = Release|Windows Mobile 5.0 Pocket PC SDK (ARMV4I)
		{7522A458-92F4-4259-B906-E84C2A65D9F1}.Static_Release|Mixed Platforms.Build.0 = Release|Windows Mobile 5.0 Pocket PC SDK (ARMV4I)
		{7522A458-92F4-4259-B906-E84C2A65D9F1}.Static_Release|Mixed Platforms.Deploy.0 = Release|Windows Mobile 5.0 Pocket PC SDK (ARMV4I)
		{7522A458-92F4-4259-B906-E84C2A65D9F1}.Static_Release|Win32.ActiveCfg = Release|Win32
		{7522A458-92F4-4259-B906-E84C2A65D9F1}.Static_Release|Win32.Build.0 = Release|Win32
		{99B7D02F-8C70-4B45-AF3C-92313C3CEE15}.Debug|Any CPU.ActiveCfg = Debug|Win32
		{99B7D02F-8C70-4B45-AF3C-92313C3CEE15}.Debug|Mixed Platforms.ActiveCfg = Debug|Win32
		{99B7D02F-8C70-4B45-AF3C-92313C3CEE15}.Debug|Mixed Platforms.Build.0 = Debug|Win32
		{99B7D02F-8C70-4B45-AF3C-92313C3CEE15}.Debug|Win32.ActiveCfg = Debug|Win32
		{99B7D02F-8C70-4B45-AF3C-92313C3CEE15}.Debug|Win32.Build.0 = Debug|Win32
		{99B7D02F-8C70-4B45-AF3C-92313C3CEE15}.Release|Any CPU.ActiveCfg = Release|Win32
		{99B7D02F-8C70-4B45-AF3C-92313C3CEE15}.Release|Mixed Platforms.ActiveCfg = Release|Win32
		{99B7D02F-8C70-4B45-AF3C-92313C3CEE15}.Release|Mixed Platforms.Build.0 = Release|Win32
		{99B7D02F-8C70-4B45-AF3C-92313C3CEE15}.Release|Win32.ActiveCfg = Release|Win32
		{99B7D02F-8C70-4B45-AF3C-92313C3CEE15}.Release|Win32.Build.0 = Release|Win32
		{99B7D02F-8C70-4B45-AF3C-92313C3CEE15}.Static_Debug|Any CPU.ActiveCfg = Debug|Win32
		{99B7D02F-8C70-4B45-AF3C-92313C3CEE15}.Static_Debug|Mixed Platforms.ActiveCfg = Debug|Win32
		{99B7D02F-8C70-4B45-AF3C-92313C3CEE15}.Static_Debug|Mixed Platforms.Build.0 = Debug|Win32
		{99B7D02F-8C70-4B45-AF3C-92313C3CEE15}.Static_Debug|Win32.ActiveCfg = Debug|Win32
		{99B7D02F-8C70-4B45-AF3C-92313C3CEE15}.Static_Debug|Win32.Build.0 = Debug|Win32
		{99B7D02F-8C70-4B45-AF3C-92313C3CEE15}.Static_Release|Any CPU.ActiveCfg = Release|Win32
		{99B7D02F-8C70-4B45-AF3C-92313C3CEE15}.Static_Release|Mixed Platforms.ActiveCfg = Release|Win32
		{99B7D02F-8C70-4B45-AF3C-92313C3CEE15}.Static_Release|Mixed Platforms.Build.0 = Release|Win32
		{99B7D02F-8C70-4B45-AF3C-92313C3CEE15}.Static_Release|Win32.ActiveCfg = Release|Win32
		{99B7D02F-8C70-4B45-AF3C-92313C3CEE15}.Static_Release|Win32.Build.0 = Release|Win32
		{6BC9B796-10C6-4CF7-A6E4-E2DACCDA84DA}.Debug|Any CPU.ActiveCfg = Debug|Win32
		{6BC9B796-10C6-4CF7-A6E4-E2DACCDA84DA}.Debug|Mixed Platforms.ActiveCfg = Debug|Win32
		{6BC9B796-10C6-4CF7-A6E4-E2DACCDA84DA}.Debug|Mixed Platforms.Build.0 = Debug|Win32
		{6BC9B796-10C6-4CF7-A6E4-E2DACCDA84DA}.Debug|Mixed Platforms.Deploy.0 = Debug|Win32
		{6BC9B796-10C6-4CF7-A6E4-E2DACCDA84DA}.Debug|Win32.ActiveCfg = Debug|Win32
		{6BC9B796-10C6-4CF7-A6E4-E2DACCDA84DA}.Debug|Win32.Build.0 = Debug|Win32
		{6BC9B796-10C6-4CF7-A6E4-E2DACCDA84DA}.Release|Any CPU.ActiveCfg = Release|Win32
		{6BC9B796-10C6-4CF7-A6E4-E2DACCDA84DA}.Release|Mixed Platforms.ActiveCfg = Release|Win32
		{6BC9B796-10C6-4CF7-A6E4-E2DACCDA84DA}.Release|Mixed Platforms.Build.0 = Release|Win32
		{6BC9B796-10C6-4CF7-A6E4-E2DACCDA84DA}.Release|Win32.ActiveCfg = Release|Win32
		{6BC9B796-10C6-4CF7-A6E4-E2DACCDA84DA}.Release|Win32.Build.0 = Release|Win32
		{6BC9B796-10C6-4CF7-A6E4-E2DACCDA84DA}.Static_Debug|Any CPU.ActiveCfg = Static_Debug|Win32
		{6BC9B796-10C6-4CF7-A6E4-E2DACCDA84DA}.Static_Debug|Mixed Platforms.ActiveCfg = Static_Debug|Win32
		{6BC9B796-10C6-4CF7-A6E4-E2DACCDA84DA}.Static_Debug|Mixed Platforms.Build.0 = Static_Debug|Win32
		{6BC9B796-10C6-4CF7-A6E4-E2DACCDA84DA}.Static_Debug|Win32.ActiveCfg = Static_Debug|Win32
		{6BC9B796-10C6-4CF7-A6E4-E2DACCDA84DA}.Static_Debug|Win32.Build.0 = Static_Debug|Win32
		{6BC9B796-10C6-4CF7-A6E4-E2DACCDA84DA}.Static_Release|Any CPU.ActiveCfg = Static_Release|Win32
		{6BC9B796-10C6-4CF7-A6E4-E2DACCDA84DA}.Static_Release|Mixed Platforms.ActiveCfg = Static_Release|Win32
		{6BC9B796-10C6-4CF7-A6E4-E2DACCDA84DA}.Static_Release|Mixed Platforms.Build.0 = Static_Release|Win32
		{6BC9B796-10C6-4CF7-A6E4-E2DACCDA84DA}.Static_Release|Win32.ActiveCfg = Static_Release|Win32
		{6BC9B796-10C6-4CF7-A6E4-E2DACCDA84DA}.Static_Release|Win32.Build.0 = Static_Release|Win32
		{E45DB518-6562-4033-80E8-60030F0B169F}.Debug|Any CPU.ActiveCfg = Debug|Win32
		{E45DB518-6562-4033-80E8-60030F0B169F}.Debug|Mixed Platforms.ActiveCfg = Debug|Win32
		{E45DB518-6562-4033-80E8-60030F0B169F}.Debug|Mixed Platforms.Build.0 = Debug|Win32
		{E45DB518-6562-4033-80E8-60030F0B169F}.Debug|Win32.ActiveCfg = Debug|Win32
		{E45DB518-6562-4033-80E8-60030F0B169F}.Debug|Win32.Build.0 = Debug|Win32
		{E45DB518-6562-4033-80E8-60030F0B169F}.Release|Any CPU.ActiveCfg = Release|Win32
		{E45DB518-6562-4033-80E8-60030F0B169F}.Release|Mixed Platforms.ActiveCfg = Release|Win32
		{E45DB518-6562-4033-80E8-60030F0B169F}.Release|Mixed Platforms.Build.0 = Release|Win32
		{E45DB518-6562-4033-80E8-60030F0B169F}.Release|Win32.ActiveCfg = Release|Win32
		{E45DB518-6562-4033-80E8-60030F0B169F}.Release|Win32.Build.0 = Release|Win32
		{E45DB518-6562-4033-80E8-60030F0B169F}.Static_Debug|Any CPU.ActiveCfg = Debug|Win32
		{E45DB518-6562-4033-80E8-60030F0B169F}.Static_Debug|Mixed Platforms.ActiveCfg = Debug|Win32
		{E45DB518-6562-4033-80E8-60030F0B169F}.Static_Debug|Mixed Platforms.Build.0 = Debug|Win32
		{E45DB518-6562-4033-80E8-60030F0B169F}.Static_Debug|Win32.ActiveCfg = Debug|Win32
		{E45DB518-6562-4033-80E8-60030F0B169F}.Static_Debug|Win32.Build.0 = Debug|Win32
		{E45DB518-6562-4033-80E8-60030F0B169F}.Static_Release|Any CPU.ActiveCfg = Release|Win32
		{E45DB518-6562-4033-80E8-60030F0B169F}.Static_Release|Mixed Platforms.ActiveCfg = Release|Win32
		{E45DB518-6562-4033-80E8-60030F0B169F}.Static_Release|Mixed Platforms.Build.0 = Release|Win32
		{E45DB518-6562-4033-80E8-60030F0B169F}.Static_Release|Win32.ActiveCfg = Release|Win32
		{E45DB518-6562-4033-80E8-60030F0B169F}.Static_Release|Win32.Build.0 = Release|Win32
		{76261DC8-25B3-43F4-9FB5-112C4AC0880E}.Debug|Any CPU.ActiveCfg = Debug|Win32
		{76261DC8-25B3-43F4-9FB5-112C4AC0880E}.Debug|Mixed Platforms.ActiveCfg = Debug|Win32
		{76261DC8-25B3-43F4-9FB5-112C4AC0880E}.Debug|Mixed Platforms.Build.0 = Debug|Win32
		{76261DC8-25B3-43F4-9FB5-112C4AC0880E}.Debug|Mixed Platforms.Deploy.0 = Debug|Win32
		{76261DC8-25B3-43F4-9FB5-112C4AC0880E}.Debug|Win32.ActiveCfg = Debug|Win32
		{76261DC8-25B3-43F4-9FB5-112C4AC0880E}.Debug|Win32.Build.0 = Debug|Win32
		{76261DC8-25B3-43F4-9FB5-112C4AC0880E}.Release|Any CPU.ActiveCfg = Release|Win32
		{76261DC8-25B3-43F4-9FB5-112C4AC0880E}.Release|Mixed Platforms.ActiveCfg = Release|Win32
		{76261DC8-25B3-43F4-9FB5-112C4AC0880E}.Release|Mixed Platforms.Build.0 = Release|Win32
		{76261DC8-25B3-43F4-9FB5-112C4AC0880E}.Release|Mixed Platforms.Deploy.0 = Release|Win32
		{76261DC8-25B3-43F4-9FB5-112C4AC0880E}.Release|Win32.ActiveCfg = Release|Win32
		{76261DC8-25B3-43F4-9FB5-112C4AC0880E}.Release|Win32.Build.0 = Release|Win32
		{76261DC8-25B3-43F4-9FB5-112C4AC0880E}.Static_Debug|Any CPU.ActiveCfg = Debug|Win32
		{76261DC8-25B3-43F4-9FB5-112C4AC0880E}.Static_Debug|Mixed Platforms.ActiveCfg = Debug|Win32
		{76261DC8-25B3-43F4-9FB5-112C4AC0880E}.Static_Debug|Mixed Platforms.Build.0 = Debug|Win32
		{76261DC8-25B3-43F4-9FB5-112C4AC0880E}.Static_Debug|Win32.ActiveCfg = Debug|Win32
		{76261DC8-25B3-43F4-9FB5-112C4AC0880E}.Static_Debug|Win32.Build.0 = Debug|Win32
		{76261DC8-25B3-43F4-9FB5-112C4AC0880E}.Static_Release|Any CPU.ActiveCfg = Release|Win32
		{76261DC8-25B3-43F4-9FB5-112C4AC0880E}.Static_Release|Mixed Platforms.ActiveCfg = Release|Win32
		{76261DC8-25B3-43F4-9FB5-112C4AC0880E}.Static_Release|Mixed Platforms.Build.0 = Release|Win32
		{76261DC8-25B3-43F4-9FB5-112C4AC0880E}.Static_Release|Win32.ActiveCfg = Release|Win32
		{76261DC8-25B3-43F4-9FB5-112C4AC0880E}.Static_Release|Win32.Build.0 = Release|Win32
		{4CE20732-9978-4A88-B586-CFEFCB63E82D}.Debug|Any CPU.ActiveCfg = Debug|Windows Mobile 5.0 Pocket PC SDK (ARMV4I)
		{4CE20732-9978-4A88-B586-CFEFCB63E82D}.Debug|Mixed Platforms.ActiveCfg = Debug|Win32
		{4CE20732-9978-4A88-B586-CFEFCB63E82D}.Debug|Mixed Platforms.Build.0 = Debug|Win32
		{4CE20732-9978-4A88-B586-CFEFCB63E82D}.Debug|Mixed Platforms.Deploy.0 = Debug|Win32
		{4CE20732-9978-4A88-B586-CFEFCB63E82D}.Debug|Win32.ActiveCfg = Debug|Win32
		{4CE20732-9978-4A88-B586-CFEFCB63E82D}.Debug|Win32.Build.0 = Debug|Win32
		{4CE20732-9978-4A88-B586-CFEFCB63E82D}.Release|Any CPU.ActiveCfg = Release|Windows Mobile 5.0 Pocket PC SDK (ARMV4I)
		{4CE20732-9978-4A88-B586-CFEFCB63E82D}.Release|Mixed Platforms.ActiveCfg = Release|Win32
		{4CE20732-9978-4A88-B586-CFEFCB63E82D}.Release|Mixed Platforms.Build.0 = Release|Win32
		{4CE20732-9978-4A88-B586-CFEFCB63E82D}.Release|Mixed Platforms.Deploy.0 = Release|Win32
		{4CE20732-9978-4A88-B586-CFEFCB63E82D}.Release|Win32.ActiveCfg = Release|Win32
		{4CE20732-9978-4A88-B586-CFEFCB63E82D}.Release|Win32.Build.0 = Release|Win32
		{4CE20732-9978-4A88-B586-CFEFCB63E82D}.Static_Debug|Any CPU.ActiveCfg = Debug|Windows Mobile 5.0 Pocket PC SDK (ARMV4I)
		{4CE20732-9978-4A88-B586-CFEFCB63E82D}.Static_Debug|Mixed Platforms.ActiveCfg = Debug|Windows Mobile 5.0 Pocket PC SDK (ARMV4I)
		{4CE20732-9978-4A88-B586-CFEFCB63E82D}.Static_Debug|Mixed Platforms.Build.0 = Debug|Windows Mobile 5.0 Pocket PC SDK (ARMV4I)
		{4CE20732-9978-4A88-B586-CFEFCB63E82D}.Static_Debug|Mixed Platforms.Deploy.0 = Debug|Windows Mobile 5.0 Pocket PC SDK (ARMV4I)
		{4CE20732-9978-4A88-B586-CFEFCB63E82D}.Static_Debug|Win32.ActiveCfg = Debug|Win32
		{4CE20732-9978-4A88-B586-CFEFCB63E82D}.Static_Debug|Win32.Build.0 = Debug|Win32
		{4CE20732-9978-4A88-B586-CFEFCB63E82D}.Static_Release|Any CPU.ActiveCfg = Release|Windows Mobile 5.0 Pocket PC SDK (ARMV4I)
		{4CE20732-9978-4A88-B586-CFEFCB63E82D}.Static_Release|Mixed Platforms.ActiveCfg = Release|Windows Mobile 5.0 Pocket PC SDK (ARMV4I)
		{4CE20732-9978-4A88-B586-CFEFCB63E82D}.Static_Release|Mixed Platforms.Build.0 = Release|Windows Mobile 5.0 Pocket PC SDK (ARMV4I)
		{4CE20732-9978-4A88-B586-CFEFCB63E82D}.Static_Release|Mixed Platforms.Deploy.0 = Release|Windows Mobile 5.0 Pocket PC SDK (ARMV4I)
		{4CE20732-9978-4A88-B586-CFEFCB63E82D}.Static_Release|Win32.ActiveCfg = Release|Win32
		{4CE20732-9978-4A88-B586-CFEFCB63E82D}.Static_Release|Win32.Build.0 = Release|Win32
		{9A3A5AF3-2333-4477-B880-7F901F9D8972}.Debug|Any CPU.ActiveCfg = Debug|Win32
		{9A3A5AF3-2333-4477-B880-7F901F9D8972}.Debug|Mixed Platforms.ActiveCfg = Debug|Win32
		{9A3A5AF3-2333-4477-B880-7F901F9D8972}.Debug|Mixed Platforms.Build.0 = Debug|Win32
		{9A3A5AF3-2333-4477-B880-7F901F9D8972}.Debug|Win32.ActiveCfg = Debug|Win32
		{9A3A5AF3-2333-4477-B880-7F901F9D8972}.Debug|Win32.Build.0 = Debug|Win32
		{9A3A5AF3-2333-4477-B880-7F901F9D8972}.Release|Any CPU.ActiveCfg = Release|Win32
		{9A3A5AF3-2333-4477-B880-7F901F9D8972}.Release|Mixed Platforms.ActiveCfg = Release|Win32
		{9A3A5AF3-2333-4477-B880-7F901F9D8972}.Release|Mixed Platforms.Build.0 = Release|Win32
		{9A3A5AF3-2333-4477-B880-7F901F9D8972}.Release|Win32.ActiveCfg = Release|Win32
		{9A3A5AF3-2333-4477-B880-7F901F9D8972}.Release|Win32.Build.0 = Release|Win32
		{9A3A5AF3-2333-4477-B880-7F901F9D8972}.Static_Debug|Any CPU.ActiveCfg = Debug|Win32
		{9A3A5AF3-2333-4477-B880-7F901F9D8972}.Static_Debug|Mixed Platforms.ActiveCfg = Debug|Win32
		{9A3A5AF3-2333-4477-B880-7F901F9D8972}.Static_Debug|Mixed Platforms.Build.0 = Debug|Win32
		{9A3A5AF3-2333-4477-B880-7F901F9D8972}.Static_Debug|Win32.ActiveCfg = Debug|Win32
		{9A3A5AF3-2333-4477-B880-7F901F9D8972}.Static_Debug|Win32.Build.0 = Debug|Win32
		{9A3A5AF3-2333-4477-B880-7F901F9D8972}.Static_Release|Any CPU.ActiveCfg = Release|Win32
		{9A3A5AF3-2333-4477-B880-7F901F9D8972}.Static_Release|Mixed Platforms.ActiveCfg = Release|Win32
		{9A3A5AF3-2333-4477-B880-7F901F9D8972}.Static_Release|Mixed Platforms.Build.0 = Release|Win32
		{9A3A5AF3-2333-4477-B880-7F901F9D8972}.Static_Release|Win32.ActiveCfg = Release|Win32
		{9A3A5AF3-2333-4477-B880-7F901F9D8972}.Static_Release|Win32.Build.0 = Release|Win32
		{570CF33D-E65F-448F-8AC2-F9AE2F23152F}.Debug|Any CPU.ActiveCfg = Debug|Win32
		{570CF33D-E65F-448F-8AC2-F9AE2F23152F}.Debug|Mixed Platforms.ActiveCfg = Debug|Win32
		{570CF33D-E65F-448F-8AC2-F9AE2F23152F}.Debug|Mixed Platforms.Build.0 = Debug|Win32
		{570CF33D-E65F-448F-8AC2-F9AE2F23152F}.Debug|Win32.ActiveCfg = Debug|Win32
		{570CF33D-E65F-448F-8AC2-F9AE2F23152F}.Debug|Win32.Build.0 = Debug|Win32
		{570CF33D-E65F-448F-8AC2-F9AE2F23152F}.Release|Any CPU.ActiveCfg = Release|Win32
		{570CF33D-E65F-448F-8AC2-F9AE2F23152F}.Release|Mixed Platforms.ActiveCfg = Release|Win32
		{570CF33D-E65F-448F-8AC2-F9AE2F23152F}.Release|Mixed Platforms.Build.0 = Release|Win32
		{570CF33D-E65F-448F-8AC2-F9AE2F23152F}.Release|Win32.ActiveCfg = Release|Win32
		{570CF33D-E65F-448F-8AC2-F9AE2F23152F}.Release|Win32.Build.0 = Release|Win32
		{570CF33D-E65F-448F-8AC2-F9AE2F23152F}.Static_Debug|Any CPU.ActiveCfg = Debug|Win32
		{570CF33D-E65F-448F-8AC2-F9AE2F23152F}.Static_Debug|Mixed Platforms.ActiveCfg = Debug|Win32
		{570CF33D-E65F-448F-8AC2-F9AE2F23152F}.Static_Debug|Mixed Platforms.Build.0 = Debug|Win32
		{570CF33D-E65F-448F-8AC2-F9AE2F23152F}.Static_Debug|Win32.ActiveCfg = Debug|Win32
		{570CF33D-E65F-448F-8AC2-F9AE2F23152F}.Static_Debug|Win32.Build.0 = Debug|Win32
		{570CF33D-E65F-448F-8AC2-F9AE2F23152F}.Static_Release|Any CPU.ActiveCfg = Release|Win32
		{570CF33D-E65F-448F-8AC2-F9AE2F23152F}.Static_Release|Mixed Platforms.ActiveCfg = Release|Win32
		{570CF33D-E65F-448F-8AC2-F9AE2F23152F}.Static_Release|Mixed Platforms.Build.0 = Release|Win32
		{570CF33D-E65F-448F-8AC2-F9AE2F23152F}.Static_Release|Win32.ActiveCfg = Release|Win32
		{570CF33D-E65F-448F-8AC2-F9AE2F23152F}.Static_Release|Win32.Build.0 = Release|Win32
		{6B60DF14-D5D7-4654-B8F9-1CBC8892CFC8}.Debug|Any CPU.ActiveCfg = Debug|Win32
		{6B60DF14-D5D7-4654-B8F9-1CBC8892CFC8}.Debug|Mixed Platforms.ActiveCfg = Debug|Win32
		{6B60DF14-D5D7-4654-B8F9-1CBC8892CFC8}.Debug|Mixed Platforms.Build.0 = Debug|Win32
		{6B60DF14-D5D7-4654-B8F9-1CBC8892CFC8}.Debug|Win32.ActiveCfg = Debug|Win32
		{6B60DF14-D5D7-4654-B8F9-1CBC8892CFC8}.Debug|Win32.Build.0 = Debug|Win32
		{6B60DF14-D5D7-4654-B8F9-1CBC8892CFC8}.Release|Any CPU.ActiveCfg = Release|Win32
		{6B60DF14-D5D7-4654-B8F9-1CBC8892CFC8}.Release|Mixed Platforms.ActiveCfg = Release|Win32
		{6B60DF14-D5D7-4654-B8F9-1CBC8892CFC8}.Release|Mixed Platforms.Build.0 = Release|Win32
		{6B60DF14-D5D7-4654-B8F9-1CBC8892CFC8}.Release|Win32.ActiveCfg = Release|Win32
		{6B60DF14-D5D7-4654-B8F9-1CBC8892CFC8}.Release|Win32.Build.0 = Release|Win32
		{6B60DF14-D5D7-4654-B8F9-1CBC8892CFC8}.Static_Debug|Any CPU.ActiveCfg = Debug|Win32
		{6B60DF14-D5D7-4654-B8F9-1CBC8892CFC8}.Static_Debug|Mixed Platforms.ActiveCfg = Debug|Win32
		{6B60DF14-D5D7-4654-B8F9-1CBC8892CFC8}.Static_Debug|Mixed Platforms.Build.0 = Debug|Win32
		{6B60DF14-D5D7-4654-B8F9-1CBC8892CFC8}.Static_Debug|Win32.ActiveCfg = Debug|Win32
		{6B60DF14-D5D7-4654-B8F9-1CBC8892CFC8}.Static_Debug|Win32.Build.0 = Debug|Win32
		{6B60DF14-D5D7-4654-B8F9-1CBC8892CFC8}.Static_Release|Any CPU.ActiveCfg = Release|Win32
		{6B60DF14-D5D7-4654-B8F9-1CBC8892CFC8}.Static_Release|Mixed Platforms.ActiveCfg = Release|Win32
		{6B60DF14-D5D7-4654-B8F9-1CBC8892CFC8}.Static_Release|Mixed Platforms.Build.0 = Release|Win32
		{6B60DF14-D5D7-4654-B8F9-1CBC8892CFC8}.Static_Release|Win32.ActiveCfg = Release|Win32
		{6B60DF14-D5D7-4654-B8F9-1CBC8892CFC8}.Static_Release|Win32.Build.0 = Release|Win32
		{8E01E57E-36AD-4830-BEEB-FBC2ED6F0CF1}.Debug|Any CPU.ActiveCfg = Debug|Win32
		{8E01E57E-36AD-4830-BEEB-FBC2ED6F0CF1}.Debug|Mixed Platforms.ActiveCfg = Debug|Win32
		{8E01E57E-36AD-4830-BEEB-FBC2ED6F0CF1}.Debug|Mixed Platforms.Build.0 = Debug|Win32
		{8E01E57E-36AD-4830-BEEB-FBC2ED6F0CF1}.Debug|Win32.ActiveCfg = Debug|Win32
		{8E01E57E-36AD-4830-BEEB-FBC2ED6F0CF1}.Debug|Win32.Build.0 = Debug|Win32
		{8E01E57E-36AD-4830-BEEB-FBC2ED6F0CF1}.Release|Any CPU.ActiveCfg = Release|Win32
		{8E01E57E-36AD-4830-BEEB-FBC2ED6F0CF1}.Release|Mixed Platforms.ActiveCfg = Release|Win32
		{8E01E57E-36AD-4830-BEEB-FBC2ED6F0CF1}.Release|Mixed Platforms.Build.0 = Release|Win32
		{8E01E57E-36AD-4830-BEEB-FBC2ED6F0CF1}.Release|Win32.ActiveCfg = Release|Win32
		{8E01E57E-36AD-4830-BEEB-FBC2ED6F0CF1}.Release|Win32.Build.0 = Release|Win32
		{8E01E57E-36AD-4830-BEEB-FBC2ED6F0CF1}.Static_Debug|Any CPU.ActiveCfg = Debug|Win32
		{8E01E57E-36AD-4830-BEEB-FBC2ED6F0CF1}.Static_Debug|Mixed Platforms.ActiveCfg = Debug|Win32
		{8E01E57E-36AD-4830-BEEB-FBC2ED6F0CF1}.Static_Debug|Mixed Platforms.Build.0 = Debug|Win32
		{8E01E57E-36AD-4830-BEEB-FBC2ED6F0CF1}.Static_Debug|Win32.ActiveCfg = Debug|Win32
		{8E01E57E-36AD-4830-BEEB-FBC2ED6F0CF1}.Static_Debug|Win32.Build.0 = Debug|Win32
		{8E01E57E-36AD-4830-BEEB-FBC2ED6F0CF1}.Static_Release|Any CPU.ActiveCfg = Release|Win32
		{8E01E57E-36AD-4830-BEEB-FBC2ED6F0CF1}.Static_Release|Mixed Platforms.ActiveCfg = Release|Win32
		{8E01E57E-36AD-4830-BEEB-FBC2ED6F0CF1}.Static_Release|Mixed Platforms.Build.0 = Release|Win32
		{8E01E57E-36AD-4830-BEEB-FBC2ED6F0CF1}.Static_Release|Win32.ActiveCfg = Release|Win32
		{8E01E57E-36AD-4830-BEEB-FBC2ED6F0CF1}.Static_Release|Win32.Build.0 = Release|Win32
		{1C451CD7-337D-4E72-8788-9607D263752B}.Debug|Any CPU.ActiveCfg = Debug|Win32
		{1C451CD7-337D-4E72-8788-9607D263752B}.Debug|Mixed Platforms.ActiveCfg = Debug|Win32
		{1C451CD7-337D-4E72-8788-9607D263752B}.Debug|Mixed Platforms.Build.0 = Debug|Win32
		{1C451CD7-337D-4E72-8788-9607D263752B}.Debug|Win32.ActiveCfg = Debug|Win32
		{1C451CD7-337D-4E72-8788-9607D263752B}.Debug|Win32.Build.0 = Debug|Win32
		{1C451CD7-337D-4E72-8788-9607D263752B}.Release|Any CPU.ActiveCfg = Release|Win32
		{1C451CD7-337D-4E72-8788-9607D263752B}.Release|Mixed Platforms.ActiveCfg = Release|Win32
		{1C451CD7-337D-4E72-8788-9607D263752B}.Release|Mixed Platforms.Build.0 = Release|Win32
		{1C451CD7-337D-4E72-8788-9607D263752B}.Release|Win32.ActiveCfg = Release|Win32
		{1C451CD7-337D-4E72-8788-9607D263752B}.Release|Win32.Build.0 = Release|Win32
		{1C451CD7-337D-4E72-8788-9607D263752B}.Static_Debug|Any CPU.ActiveCfg = Debug|Win32
		{1C451CD7-337D-4E72-8788-9607D263752B}.Static_Debug|Mixed Platforms.ActiveCfg = Debug|Win32
		{1C451CD7-337D-4E72-8788-9607D263752B}.Static_Debug|Mixed Platforms.Build.0 = Debug|Win32
		{1C451CD7-337D-4E72-8788-9607D263752B}.Static_Debug|Win32.ActiveCfg = Debug|Win32
		{1C451CD7-337D-4E72-8788-9607D263752B}.Static_Debug|Win32.Build.0 = Debug|Win32
		{1C451CD7-337D-4E72-8788-9607D263752B}.Static_Release|Any CPU.ActiveCfg = Release|Win32
		{1C451CD7-337D-4E72-8788-9607D263752B}.Static_Release|Mixed Platforms.ActiveCfg = Release|Win32
		{1C451CD7-337D-4E72-8788-9607D263752B}.Static_Release|Mixed Platforms.Build.0 = Release|Win32
		{1C451CD7-337D-4E72-8788-9607D263752B}.Static_Release|Win32.ActiveCfg = Release|Win32
		{1C451CD7-337D-4E72-8788-9607D263752B}.Static_Release|Win32.Build.0 = Release|Win32
		{E8596446-CB3A-4AD5-83C3-6562EE426494}.Debug|Any CPU.ActiveCfg = Debug|Win32
		{E8596446-CB3A-4AD5-83C3-6562EE426494}.Debug|Mixed Platforms.ActiveCfg = Debug|Win32
		{E8596446-CB3A-4AD5-83C3-6562EE426494}.Debug|Mixed Platforms.Build.0 = Debug|Win32
		{E8596446-CB3A-4AD5-83C3-6562EE426494}.Debug|Win32.ActiveCfg = Debug|Win32
		{E8596446-CB3A-4AD5-83C3-6562EE426494}.Debug|Win32.Build.0 = Debug|Win32
		{E8596446-CB3A-4AD5-83C3-6562EE426494}.Release|Any CPU.ActiveCfg = Release|Win32
		{E8596446-CB3A-4AD5-83C3-6562EE426494}.Release|Mixed Platforms.ActiveCfg = Release|Win32
		{E8596446-CB3A-4AD5-83C3-6562EE426494}.Release|Mixed Platforms.Build.0 = Release|Win32
		{E8596446-CB3A-4AD5-83C3-6562EE426494}.Release|Win32.ActiveCfg = Release|Win32
		{E8596446-CB3A-4AD5-83C3-6562EE426494}.Release|Win32.Build.0 = Release|Win32
		{E8596446-CB3A-4AD5-83C3-6562EE426494}.Static_Debug|Any CPU.ActiveCfg = Debug|Win32
		{E8596446-CB3A-4AD5-83C3-6562EE426494}.Static_Debug|Mixed Platforms.ActiveCfg = Debug|Win32
		{E8596446-CB3A-4AD5-83C3-6562EE426494}.Static_Debug|Mixed Platforms.Build.0 = Debug|Win32
		{E8596446-CB3A-4AD5-83C3-6562EE426494}.Static_Debug|Win32.ActiveCfg = Debug|Win32
		{E8596446-CB3A-4AD5-83C3-6562EE426494}.Static_Debug|Win32.Build.0 = Debug|Win32
		{E8596446-CB3A-4AD5-83C3-6562EE426494}.Static_Release|Any CPU.ActiveCfg = Release|Win32
		{E8596446-CB3A-4AD5-83C3-6562EE426494}.Static_Release|Mixed Platforms.ActiveCfg = Release|Win32
		{E8596446-CB3A-4AD5-83C3-6562EE426494}.Static_Release|Mixed Platforms.Build.0 = Release|Win32
		{E8596446-CB3A-4AD5-83C3-6562EE426494}.Static_Release|Win32.ActiveCfg = Release|Win32
		{E8596446-CB3A-4AD5-83C3-6562EE426494}.Static_Release|Win32.Build.0 = Release|Win32
		{6A69773C-0C70-4BD4-8362-C274CAFD58F2}.Debug|Any CPU.ActiveCfg = Debug|Win32
		{6A69773C-0C70-4BD4-8362-C274CAFD58F2}.Debug|Mixed Platforms.ActiveCfg = Debug|Win32
		{6A69773C-0C70-4BD4-8362-C274CAFD58F2}.Debug|Mixed Platforms.Build.0 = Debug|Win32
		{6A69773C-0C70-4BD4-8362-C274CAFD58F2}.Debug|Win32.ActiveCfg = Debug|Win32
		{6A69773C-0C70-4BD4-8362-C274CAFD58F2}.Debug|Win32.Build.0 = Debug|Win32
		{6A69773C-0C70-4BD4-8362-C274CAFD58F2}.Release|Any CPU.ActiveCfg = Release|Win32
		{6A69773C-0C70-4BD4-8362-C274CAFD58F2}.Release|Mixed Platforms.ActiveCfg = Release|Win32
		{6A69773C-0C70-4BD4-8362-C274CAFD58F2}.Release|Mixed Platforms.Build.0 = Release|Win32
		{6A69773C-0C70-4BD4-8362-C274CAFD58F2}.Release|Win32.ActiveCfg = Release|Win32
		{6A69773C-0C70-4BD4-8362-C274CAFD58F2}.Release|Win32.Build.0 = Release|Win32
		{6A69773C-0C70-4BD4-8362-C274CAFD58F2}.Static_Debug|Any CPU.ActiveCfg = Debug|Win32
		{6A69773C-0C70-4BD4-8362-C274CAFD58F2}.Static_Debug|Mixed Platforms.ActiveCfg = Debug|Win32
		{6A69773C-0C70-4BD4-8362-C274CAFD58F2}.Static_Debug|Mixed Platforms.Build.0 = Debug|Win32
		{6A69773C-0C70-4BD4-8362-C274CAFD58F2}.Static_Debug|Win32.ActiveCfg = Debug|Win32
		{6A69773C-0C70-4BD4-8362-C274CAFD58F2}.Static_Debug|Win32.Build.0 = Debug|Win32
		{6A69773C-0C70-4BD4-8362-C274CAFD58F2}.Static_Release|Any CPU.ActiveCfg = Release|Win32
		{6A69773C-0C70-4BD4-8362-C274CAFD58F2}.Static_Release|Mixed Platforms.ActiveCfg = Release|Win32
		{6A69773C-0C70-4BD4-8362-C274CAFD58F2}.Static_Release|Mixed Platforms.Build.0 = Release|Win32
		{6A69773C-0C70-4BD4-8362-C274CAFD58F2}.Static_Release|Win32.ActiveCfg = Release|Win32
		{6A69773C-0C70-4BD4-8362-C274CAFD58F2}.Static_Release|Win32.Build.0 = Release|Win32
		{97008E5F-C6FC-4748-BE0D-50400E6764CB}.Debug|Any CPU.ActiveCfg = Debug|Win32
		{97008E5F-C6FC-4748-BE0D-50400E6764CB}.Debug|Mixed Platforms.ActiveCfg = Debug|Win32
		{97008E5F-C6FC-4748-BE0D-50400E6764CB}.Debug|Mixed Platforms.Build.0 = Debug|Win32
		{97008E5F-C6FC-4748-BE0D-50400E6764CB}.Debug|Win32.ActiveCfg = Debug|Win32
		{97008E5F-C6FC-4748-BE0D-50400E6764CB}.Debug|Win32.Build.0 = Debug|Win32
		{97008E5F-C6FC-4748-BE0D-50400E6764CB}.Release|Any CPU.ActiveCfg = Release|Win32
		{97008E5F-C6FC-4748-BE0D-50400E6764CB}.Release|Mixed Platforms.ActiveCfg = Release|Win32
		{97008E5F-C6FC-4748-BE0D-50400E6764CB}.Release|Mixed Platforms.Build.0 = Release|Win32
		{97008E5F-C6FC-4748-BE0D-50400E6764CB}.Release|Win32.ActiveCfg = Release|Win32
		{97008E5F-C6FC-4748-BE0D-50400E6764CB}.Release|Win32.Build.0 = Release|Win32
		{97008E5F-C6FC-4748-BE0D-50400E6764CB}.Static_Debug|Any CPU.ActiveCfg = Debug|Win32
		{97008E5F-C6FC-4748-BE0D-50400E6764CB}.Static_Debug|Mixed Platforms.ActiveCfg = Debug|Win32
		{97008E5F-C6FC-4748-BE0D-50400E6764CB}.Static_Debug|Mixed Platforms.Build.0 = Debug|Win32
		{97008E5F-C6FC-4748-BE0D-50400E6764CB}.Static_Debug|Win32.ActiveCfg = Debug|Win32
		{97008E5F-C6FC-4748-BE0D-50400E6764CB}.Static_Debug|Win32.Build.0 = Debug|Win32
		{97008E5F-C6FC-4748-BE0D-50400E6764CB}.Static_Release|Any CPU.ActiveCfg = Release|Win32
		{97008E5F-C6FC-4748-BE0D-50400E6764CB}.Static_Release|Mixed Platforms.ActiveCfg = Release|Win32
		{97008E5F-C6FC-4748-BE0D-50400E6764CB}.Static_Release|Mixed Platforms.Build.0 = Release|Win32
		{97008E5F-C6FC-4748-BE0D-50400E6764CB}.Static_Release|Win32.ActiveCfg = Release|Win32
		{97008E5F-C6FC-4748-BE0D-50400E6764CB}.Static_Release|Win32.Build.0 = Release|Win32
		{8D72C459-8B9D-4280-8331-8BAB02D735E5}.Debug|Any CPU.ActiveCfg = Debug|Win32
		{8D72C459-8B9D-4280-8331-8BAB02D735E5}.Debug|Mixed Platforms.ActiveCfg = Debug|Win32
		{8D72C459-8B9D-4280-8331-8BAB02D735E5}.Debug|Mixed Platforms.Build.0 = Debug|Win32
		{8D72C459-8B9D-4280-8331-8BAB02D735E5}.Debug|Win32.ActiveCfg = Debug|Win32
		{8D72C459-8B9D-4280-8331-8BAB02D735E5}.Debug|Win32.Build.0 = Debug|Win32
		{8D72C459-8B9D-4280-8331-8BAB02D735E5}.Release|Any CPU.ActiveCfg = Release|Win32
		{8D72C459-8B9D-4280-8331-8BAB02D735E5}.Release|Mixed Platforms.ActiveCfg = Release|Win32
		{8D72C459-8B9D-4280-8331-8BAB02D735E5}.Release|Mixed Platforms.Build.0 = Release|Win32
		{8D72C459-8B9D-4280-8331-8BAB02D735E5}.Release|Win32.ActiveCfg = Release|Win32
		{8D72C459-8B9D-4280-8331-8BAB02D735E5}.Release|Win32.Build.0 = Release|Win32
		{8D72C459-8B9D-4280-8331-8BAB02D735E5}.Static_Debug|Any CPU.ActiveCfg = Debug|Win32
		{8D72C459-8B9D-4280-8331-8BAB02D735E5}.Static_Debug|Mixed Platforms.ActiveCfg = Debug|Win32
		{8D72C459-8B9D-4280-8331-8BAB02D735E5}.Static_Debug|Mixed Platforms.Build.0 = Debug|Win32
		{8D72C459-8B9D-4280-8331-8BAB02D735E5}.Static_Debug|Win32.ActiveCfg = Debug|Win32
		{8D72C459-8B9D-4280-8331-8BAB02D735E5}.Static_Debug|Win32.Build.0 = Debug|Win32
		{8D72C459-8B9D-4280-8331-8BAB02D735E5}.Static_Release|Any CPU.ActiveCfg = Release|Win32
		{8D72C459-8B9D-4280-8331-8BAB02D735E5}.Static_Release|Mixed Platforms.ActiveCfg = Release|Win32
		{8D72C459-8B9D-4280-8331-8BAB02D735E5}.Static_Release|Mixed Platforms.Build.0 = Release|Win32
		{8D72C459-8B9D-4280-8331-8BAB02D735E5}.Static_Release|Win32.ActiveCfg = Release|Win32
		{8D72C459-8B9D-4280-8331-8BAB02D735E5}.Static_Release|Win32.Build.0 = Release|Win32
		{3C720D1E-E3DC-408E-99EF-A5AA2B81C520}.Debug|Any CPU.ActiveCfg = Debug|Win32
		{3C720D1E-E3DC-408E-99EF-A5AA2B81C520}.Debug|Mixed Platforms.ActiveCfg = Debug|Win32
		{3C720D1E-E3DC-408E-99EF-A5AA2B81C520}.Debug|Mixed Platforms.Build.0 = Debug|Win32
		{3C720D1E-E3DC-408E-99EF-A5AA2B81C520}.Debug|Win32.ActiveCfg = Debug|Win32
		{3C720D1E-E3DC-408E-99EF-A5AA2B81C520}.Debug|Win32.Build.0 = Debug|Win32
		{3C720D1E-E3DC-408E-99EF-A5AA2B81C520}.Release|Any CPU.ActiveCfg = Release|Win32
		{3C720D1E-E3DC-408E-99EF-A5AA2B81C520}.Release|Mixed Platforms.ActiveCfg = Release|Win32
		{3C720D1E-E3DC-408E-99EF-A5AA2B81C520}.Release|Mixed Platforms.Build.0 = Release|Win32
		{3C720D1E-E3DC-408E-99EF-A5AA2B81C520}.Release|Win32.ActiveCfg = Release|Win32
		{3C720D1E-E3DC-408E-99EF-A5AA2B81C520}.Release|Win32.Build.0 = Release|Win32
		{3C720D1E-E3DC-408E-99EF-A5AA2B81C520}.Static_Debug|Any CPU.ActiveCfg = Debug|Win32
		{3C720D1E-E3DC-408E-99EF-A5AA2B81C520}.Static_Debug|Mixed Platforms.ActiveCfg = Debug|Win32
		{3C720D1E-E3DC-408E-99EF-A5AA2B81C520}.Static_Debug|Mixed Platforms.Build.0 = Debug|Win32
		{3C720D1E-E3DC-408E-99EF-A5AA2B81C520}.Static_Debug|Win32.ActiveCfg = Debug|Win32
		{3C720D1E-E3DC-408E-99EF-A5AA2B81C520}.Static_Debug|Win32.Build.0 = Debug|Win32
		{3C720D1E-E3DC-408E-99EF-A5AA2B81C520}.Static_Release|Any CPU.ActiveCfg = Release|Win32
		{3C720D1E-E3DC-408E-99EF-A5AA2B81C520}.Static_Release|Mixed Platforms.ActiveCfg = Release|Win32
		{3C720D1E-E3DC-408E-99EF-A5AA2B81C520}.Static_Release|Mixed Platforms.Build.0 = Release|Win32
		{3C720D1E-E3DC-408E-99EF-A5AA2B81C520}.Static_Release|Win32.ActiveCfg = Release|Win32
		{3C720D1E-E3DC-408E-99EF-A5AA2B81C520}.Static_Release|Win32.Build.0 = Release|Win32
		{AAD0B2B5-8D8C-4DE0-BB20-1AB6CFAA617D}.Debug|Any CPU.ActiveCfg = Debug|Win32
		{AAD0B2B5-8D8C-4DE0-BB20-1AB6CFAA617D}.Debug|Mixed Platforms.ActiveCfg = Debug|Win32
		{AAD0B2B5-8D8C-4DE0-BB20-1AB6CFAA617D}.Debug|Mixed Platforms.Build.0 = Debug|Win32
		{AAD0B2B5-8D8C-4DE0-BB20-1AB6CFAA617D}.Debug|Win32.ActiveCfg = Debug|Win32
		{AAD0B2B5-8D8C-4DE0-BB20-1AB6CFAA617D}.Debug|Win32.Build.0 = Debug|Win32
		{AAD0B2B5-8D8C-4DE0-BB20-1AB6CFAA617D}.Release|Any CPU.ActiveCfg = Release|Win32
		{AAD0B2B5-8D8C-4DE0-BB20-1AB6CFAA617D}.Release|Mixed Platforms.ActiveCfg = Release|Win32
		{AAD0B2B5-8D8C-4DE0-BB20-1AB6CFAA617D}.Release|Mixed Platforms.Build.0 = Release|Win32
		{AAD0B2B5-8D8C-4DE0-BB20-1AB6CFAA617D}.Release|Win32.ActiveCfg = Release|Win32
		{AAD0B2B5-8D8C-4DE0-BB20-1AB6CFAA617D}.Release|Win32.Build.0 = Release|Win32
		{AAD0B2B5-8D8C-4DE0-BB20-1AB6CFAA617D}.Static_Debug|Any CPU.ActiveCfg = Debug|Win32
		{AAD0B2B5-8D8C-4DE0-BB20-1AB6CFAA617D}.Static_Debug|Mixed Platforms.ActiveCfg = Debug|Win32
		{AAD0B2B5-8D8C-4DE0-BB20-1AB6CFAA617D}.Static_Debug|Mixed Platforms.Build.0 = Debug|Win32
		{AAD0B2B5-8D8C-4DE0-BB20-1AB6CFAA617D}.Static_Debug|Win32.ActiveCfg = Debug|Win32
		{AAD0B2B5-8D8C-4DE0-BB20-1AB6CFAA617D}.Static_Debug|Win32.Build.0 = Debug|Win32
		{AAD0B2B5-8D8C-4DE0-BB20-1AB6CFAA617D}.Static_Release|Any CPU.ActiveCfg = Release|Win32
		{AAD0B2B5-8D8C-4DE0-BB20-1AB6CFAA617D}.Static_Release|Mixed Platforms.ActiveCfg = Release|Win32
		{AAD0B2B5-8D8C-4DE0-BB20-1AB6CFAA617D}.Static_Release|Mixed Platforms.Build.0 = Release|Win32
		{AAD0B2B5-8D8C-4DE0-BB20-1AB6CFAA617D}.Static_Release|Win32.ActiveCfg = Release|Win32
		{AAD0B2B5-8D8C-4DE0-BB20-1AB6CFAA617D}.Static_Release|Win32.Build.0 = Release|Win32
		{78605D89-4D51-41AC-AFE2-061B4CAB81F1}.Debug|Any CPU.ActiveCfg = Debug|Win32
		{78605D89-4D51-41AC-AFE2-061B4CAB81F1}.Debug|Mixed Platforms.ActiveCfg = Debug|Win32
		{78605D89-4D51-41AC-AFE2-061B4CAB81F1}.Debug|Mixed Platforms.Build.0 = Debug|Win32
		{78605D89-4D51-41AC-AFE2-061B4CAB81F1}.Debug|Win32.ActiveCfg = Debug|Win32
		{78605D89-4D51-41AC-AFE2-061B4CAB81F1}.Debug|Win32.Build.0 = Debug|Win32
		{78605D89-4D51-41AC-AFE2-061B4CAB81F1}.Release|Any CPU.ActiveCfg = Release|Win32
		{78605D89-4D51-41AC-AFE2-061B4CAB81F1}.Release|Mixed Platforms.ActiveCfg = Release|Win32
		{78605D89-4D51-41AC-AFE2-061B4CAB81F1}.Release|Mixed Platforms.Build.0 = Release|Win32
		{78605D89-4D51-41AC-AFE2-061B4CAB81F1}.Release|Win32.ActiveCfg = Release|Win32
		{78605D89-4D51-41AC-AFE2-061B4CAB81F1}.Release|Win32.Build.0 = Release|Win32
		{78605D89-4D51-41AC-AFE2-061B4CAB81F1}.Static_Debug|Any CPU.ActiveCfg = Debug|Win32
		{78605D89-4D51-41AC-AFE2-061B4CAB81F1}.Static_Debug|Mixed Platforms.ActiveCfg = Debug|Win32
		{78605D89-4D51-41AC-AFE2-061B4CAB81F1}.Static_Debug|Mixed Platforms.Build.0 = Debug|Win32
		{78605D89-4D51-41AC-AFE2-061B4CAB81F1}.Static_Debug|Win32.ActiveCfg = Debug|Win32
		{78605D89-4D51-41AC-AFE2-061B4CAB81F1}.Static_Debug|Win32.Build.0 = Debug|Win32
		{78605D89-4D51-41AC-AFE2-061B4CAB81F1}.Static_Release|Any CPU.ActiveCfg = Release|Win32
		{78605D89-4D51-41AC-AFE2-061B4CAB81F1}.Static_Release|Mixed Platforms.ActiveCfg = Release|Win32
		{78605D89-4D51-41AC-AFE2-061B4CAB81F1}.Static_Release|Mixed Platforms.Build.0 = Release|Win32
		{78605D89-4D51-41AC-AFE2-061B4CAB81F1}.Static_Release|Win32.ActiveCfg = Release|Win32
		{78605D89-4D51-41AC-AFE2-061B4CAB81F1}.Static_Release|Win32.Build.0 = Release|Win32
	EndGlobalSection
	GlobalSection(SolutionProperties) = preSolution
		HideSolutionNode = FALSE
	EndGlobalSection
	GlobalSection(NestedProjects) = preSolution
		{93201A98-88E0-4430-BCEB-643E58C28C66} = {C162B35B-80BA-4810-A6A5-F5A69840EA53}
		{8E2F0B2E-2596-4010-BF4A-2F688975B5C1} = {C162B35B-80BA-4810-A6A5-F5A69840EA53}
		{B3E45009-C7C3-4090-837C-2D30C9058443} = {C162B35B-80BA-4810-A6A5-F5A69840EA53}
		{002FF064-588F-402E-A096-C8D033F49F40} = {C162B35B-80BA-4810-A6A5-F5A69840EA53}
		{52814B0D-7DCA-45B8-9A16-8B147040D619} = {C162B35B-80BA-4810-A6A5-F5A69840EA53}
		{AA46AF16-9678-4054-8E48-98DC21ECEC82} = {C162B35B-80BA-4810-A6A5-F5A69840EA53}
		{7522A458-92F4-4259-B906-E84C2A65D9F1} = {C162B35B-80BA-4810-A6A5-F5A69840EA53}
		{99B7D02F-8C70-4B45-AF3C-92313C3CEE15} = {C162B35B-80BA-4810-A6A5-F5A69840EA53}
		{6BC9B796-10C6-4CF7-A6E4-E2DACCDA84DA} = {C162B35B-80BA-4810-A6A5-F5A69840EA53}
		{E45DB518-6562-4033-80E8-60030F0B169F} = {C162B35B-80BA-4810-A6A5-F5A69840EA53}
		{76261DC8-25B3-43F4-9FB5-112C4AC0880E} = {C162B35B-80BA-4810-A6A5-F5A69840EA53}
		{4CE20732-9978-4A88-B586-CFEFCB63E82D} = {C162B35B-80BA-4810-A6A5-F5A69840EA53}
		{9A3A5AF3-2333-4477-B880-7F901F9D8972} = {C162B35B-80BA-4810-A6A5-F5A69840EA53}
		{570CF33D-E65F-448F-8AC2-F9AE2F23152F} = {C162B35B-80BA-4810-A6A5-F5A69840EA53}
		{6B60DF14-D5D7-4654-B8F9-1CBC8892CFC8} = {C162B35B-80BA-4810-A6A5-F5A69840EA53}
		{78605D89-4D51-41AC-AFE2-061B4CAB81F1} = {C162B35B-80BA-4810-A6A5-F5A69840EA53}
		{AA9DE4E7-5C53-4DDE-BD95-B478CE2E369E} = {792F650D-BF0D-4023-AFBE-0743CC61D22F}
		{B4E6B7AC-B18B-49CE-A79D-9B39E0A06499} = {792F650D-BF0D-4023-AFBE-0743CC61D22F}
		{598C350C-BBB4-41C4-84BC-725B17D6E294} = {792F650D-BF0D-4023-AFBE-0743CC61D22F}
		{C916D357-A1FF-46C8-B3BA-28173F5ACEE9} = {792F650D-BF0D-4023-AFBE-0743CC61D22F}
		{B6B00305-D0D5-40F7-A1EF-370C034C6C07} = {F3565B47-9EAF-41CC-A01C-58E1D4A855FB}
		{8E01E57E-36AD-4830-BEEB-FBC2ED6F0CF1} = {65D3B3D2-BC15-4F46-A926-DC4F4481BC65}
		{1C451CD7-337D-4E72-8788-9607D263752B} = {65D3B3D2-BC15-4F46-A926-DC4F4481BC65}
		{E8596446-CB3A-4AD5-83C3-6562EE426494} = {65D3B3D2-BC15-4F46-A926-DC4F4481BC65}
		{6A69773C-0C70-4BD4-8362-C274CAFD58F2} = {65D3B3D2-BC15-4F46-A926-DC4F4481BC65}
		{97008E5F-C6FC-4748-BE0D-50400E6764CB} = {65D3B3D2-BC15-4F46-A926-DC4F4481BC65}
		{8D72C459-8B9D-4280-8331-8BAB02D735E5} = {65D3B3D2-BC15-4F46-A926-DC4F4481BC65}
		{3C720D1E-E3DC-408E-99EF-A5AA2B81C520} = {65D3B3D2-BC15-4F46-A926-DC4F4481BC65}
		{AAD0B2B5-8D8C-4DE0-BB20-1AB6CFAA617D} = {65D3B3D2-BC15-4F46-A926-DC4F4481BC65}
	EndGlobalSection
EndGlobal
